
Microsoft Visual Studio Solution File, Format Version 12.00
# Visual Studio 15
VisualStudioVersion = 15.0.26430.15
MinimumVisualStudioVersion = 10.0.40219.1
Project("{FAE04EC0-301F-11D3-BF4B-00C04F79EFBC}") = "UnitTest.Utils", "UnitTest.Utils\UnitTest.Utils.csproj", "{1A3A2975-AB2E-468B-914C-27D87A9E3804}"
EndProject
Project("{2150E333-8FDC-42A3-9474-1A3956D46DE8}") = ".nuget", ".nuget", "{FDD2BEF9-ADC5-4899-87A0-4E6E5CA3FA3E}"
	ProjectSection(SolutionItems) = preProject
		.nuget\packages.config = .nuget\packages.config
	EndProjectSection
EndProject
Project("{FAE04EC0-301F-11D3-BF4B-00C04F79EFBC}") = "PlantDataMVC.Tests.Core", "PlantDataMVC.Tests.Core\PlantDataMVC.Tests.Core.csproj", "{22230FCA-989F-4CCC-93EA-8B10E8BE0232}"
EndProject
Project("{FAE04EC0-301F-11D3-BF4B-00C04F79EFBC}") = "PlantDataMVC.UI", "PlantDataMVC.UI\PlantDataMVC.UI.csproj", "{BE083DAC-46DE-46B3-BBB1-81381F94F40C}"
EndProject
Project("{FAE04EC0-301F-11D3-BF4B-00C04F79EFBC}") = "PlantDataMVC.Tests.UI", "PlantDataMVC.Tests.UI\PlantDataMVC.Tests.UI.csproj", "{E8C81B77-5B26-4695-B70A-C87832871915}"
EndProject
Project("{2150E333-8FDC-42A3-9474-1A3956D46DE8}") = "0.Solution Items", "0.Solution Items", "{33ADC7C0-A99E-42C6-BB34-E6E255E85B6A}"
	ProjectSection(SolutionItems) = preProject
		GeneralLinks.md = GeneralLinks.md
		README.md = README.md
		TaskList.md = TaskList.md
	EndProjectSection
EndProject
Project("{2150E333-8FDC-42A3-9474-1A3956D46DE8}") = "3.DataAccess", "3.DataAccess", "{CCCA5B13-EEF2-44A1-B6B0-6819F412FEB0}"
EndProject
Project("{2150E333-8FDC-42A3-9474-1A3956D46DE8}") = "4.Business", "4.Business", "{25C7A4B6-71E1-41B6-9F5A-52FA5309F413}"
EndProject
Project("{2150E333-8FDC-42A3-9474-1A3956D46DE8}") = "6.Web", "6.Web", "{8359D422-6DDC-4C3C-89A1-69172DE28F52}"
EndProject
Project("{FAE04EC0-301F-11D3-BF4B-00C04F79EFBC}") = "Framework.DAL.EF", "Framework.DAL.EF\Framework.DAL.EF.csproj", "{23CE37B8-56FA-429A-AF13-3B06841C9817}"
EndProject
Project("{FAE04EC0-301F-11D3-BF4B-00C04F79EFBC}") = "PlantDataMVC.Entities", "PlantDataMVC.Entities\PlantDataMVC.Entities.csproj", "{ECC2F1E2-A2EA-4390-A75C-114D56F0BD96}"
EndProject
Project("{FAE04EC0-301F-11D3-BF4B-00C04F79EFBC}") = "Framework.Service", "Framework.Service\Framework.Service.csproj", "{FB582D72-F66A-4153-BB91-A4F339ED1795}"
EndProject
Project("{FAE04EC0-301F-11D3-BF4B-00C04F79EFBC}") = "PlantDataMVC.Service", "PlantDataMVC.Service\PlantDataMVC.Service.csproj", "{FE02E501-BD2C-4E07-9D83-1FD448AE476F}"
EndProject
Project("{FAE04EC0-301F-11D3-BF4B-00C04F79EFBC}") = "Interfaces.Domain", "Interfaces.Domain\Interfaces.Domain.csproj", "{12D00995-55F2-4219-9DE4-A377E22174E5}"
EndProject
Project("{FAE04EC0-301F-11D3-BF4B-00C04F79EFBC}") = "PlantDataMVC.Domain", "PlantDataMVC.Domain\PlantDataMVC.Domain.csproj", "{157D351C-8DA8-4A9B-B66D-20E4F49EB201}"
EndProject
Project("{FAE04EC0-301F-11D3-BF4B-00C04F79EFBC}") = "PlantDataMVC.Repository", "PlantDataMVC.Repository\PlantDataMVC.Repository.csproj", "{EC735467-12D4-471B-80D1-7D594E9E4E68}"
EndProject
Project("{FAE04EC0-301F-11D3-BF4B-00C04F79EFBC}") = "PlantDataMVC.Tests.DAL", "PlantDataMVC.Tests.DAL\PlantDataMVC.Tests.DAL.csproj", "{987574E0-6B9F-484B-AAE2-A2F4D4F89A9B}"
EndProject
Project("{FAE04EC0-301F-11D3-BF4B-00C04F79EFBC}") = "Framework.Web", "Framework.Web\Framework.Web.csproj", "{2ACEC3D2-CB25-4B0D-A6BC-E224ECD5248E}"
EndProject
Project("{FAE04EC0-301F-11D3-BF4B-00C04F79EFBC}") = "PlantDataMVC.WCFService", "PlantDataMVC.WCFService\PlantDataMVC.WCFService.csproj", "{550D9A0C-2D6A-46FD-9400-AA722D455F7A}"
EndProject
Project("{2150E333-8FDC-42A3-9474-1A3956D46DE8}") = "2.Interfaces", "2.Interfaces", "{F470F8F5-6D8C-47F1-A0B8-2D436E6BC573}"
EndProject
Project("{FAE04EC0-301F-11D3-BF4B-00C04F79EFBC}") = "Interfaces.Service", "Interfaces.Service\Interfaces.Service.csproj", "{F826FC20-06CE-4415-BFF1-7A0C44EB0E07}"
EndProject
Project("{2150E333-8FDC-42A3-9474-1A3956D46DE8}") = "5.Service Host", "5.Service Host", "{947EB8E6-3009-43A9-878A-4C5F3ADACE32}"
EndProject
Project("{2150E333-8FDC-42A3-9474-1A3956D46DE8}") = "1.Database", "1.Database", "{BB8C734D-B696-42B0-8328-48C6A38B52D7}"
EndProject
Project("{00D1A9C2-B5F0-4AF3-8072-F6C62B433612}") = "PlantDataDB", "PlantDataDB\PlantDataDB.sqlproj", "{A9F1CCE5-4616-47BB-9CB6-888269DD6F63}"
EndProject
Project("{FAE04EC0-301F-11D3-BF4B-00C04F79EFBC}") = "Interfaces.DAL", "Interfaces.DAL\Interfaces.DAL.csproj", "{96FD9436-DE5C-432A-94CB-CE5E63EE2405}"
EndProject
Project("{FAE04EC0-301F-11D3-BF4B-00C04F79EFBC}") = "Interfaces.WCFService", "Interfaces.WCFService\Interfaces.WCFService.csproj", "{F41337B3-BC5A-4E28-9DD0-6296DF9C6203}"
EndProject
Project("{FAE04EC0-301F-11D3-BF4B-00C04F79EFBC}") = "Interfaces.DTO", "Interfaces.DTO\Interfaces.DTO.csproj", "{86043EC2-FCE3-42FE-9001-E26812B597B7}"
EndProject
Project("{FAE04EC0-301F-11D3-BF4B-00C04F79EFBC}") = "PlantDataMVC.DTO", "PlantDataMVC.DTO\PlantDataMVC.DTO.csproj", "{21BCD4E8-47A5-4ED3-A832-C9E0659B9B86}"
EndProject
Global
	GlobalSection(SolutionConfigurationPlatforms) = preSolution
		Debug|Any CPU = Debug|Any CPU
		Debug|Mixed Platforms = Debug|Mixed Platforms
		Debug|x86 = Debug|x86
		Release|Any CPU = Release|Any CPU
		Release|Mixed Platforms = Release|Mixed Platforms
		Release|x86 = Release|x86
	EndGlobalSection
	GlobalSection(ProjectConfigurationPlatforms) = postSolution
		{1A3A2975-AB2E-468B-914C-27D87A9E3804}.Debug|Any CPU.ActiveCfg = Debug|Any CPU
		{1A3A2975-AB2E-468B-914C-27D87A9E3804}.Debug|Any CPU.Build.0 = Debug|Any CPU
		{1A3A2975-AB2E-468B-914C-27D87A9E3804}.Debug|Mixed Platforms.ActiveCfg = Debug|Any CPU
		{1A3A2975-AB2E-468B-914C-27D87A9E3804}.Debug|Mixed Platforms.Build.0 = Debug|Any CPU
		{1A3A2975-AB2E-468B-914C-27D87A9E3804}.Debug|x86.ActiveCfg = Debug|Any CPU
		{1A3A2975-AB2E-468B-914C-27D87A9E3804}.Release|Any CPU.ActiveCfg = Release|Any CPU
		{1A3A2975-AB2E-468B-914C-27D87A9E3804}.Release|Any CPU.Build.0 = Release|Any CPU
		{1A3A2975-AB2E-468B-914C-27D87A9E3804}.Release|Mixed Platforms.ActiveCfg = Release|Any CPU
		{1A3A2975-AB2E-468B-914C-27D87A9E3804}.Release|Mixed Platforms.Build.0 = Release|Any CPU
		{1A3A2975-AB2E-468B-914C-27D87A9E3804}.Release|x86.ActiveCfg = Release|Any CPU
		{22230FCA-989F-4CCC-93EA-8B10E8BE0232}.Debug|Any CPU.ActiveCfg = Debug|Any CPU
		{22230FCA-989F-4CCC-93EA-8B10E8BE0232}.Debug|Any CPU.Build.0 = Debug|Any CPU
		{22230FCA-989F-4CCC-93EA-8B10E8BE0232}.Debug|Mixed Platforms.ActiveCfg = Debug|Any CPU
		{22230FCA-989F-4CCC-93EA-8B10E8BE0232}.Debug|Mixed Platforms.Build.0 = Debug|Any CPU
		{22230FCA-989F-4CCC-93EA-8B10E8BE0232}.Debug|x86.ActiveCfg = Debug|Any CPU
		{22230FCA-989F-4CCC-93EA-8B10E8BE0232}.Debug|x86.Build.0 = Debug|Any CPU
		{22230FCA-989F-4CCC-93EA-8B10E8BE0232}.Release|Any CPU.ActiveCfg = Release|Any CPU
		{22230FCA-989F-4CCC-93EA-8B10E8BE0232}.Release|Any CPU.Build.0 = Release|Any CPU
		{22230FCA-989F-4CCC-93EA-8B10E8BE0232}.Release|Mixed Platforms.ActiveCfg = Release|Any CPU
		{22230FCA-989F-4CCC-93EA-8B10E8BE0232}.Release|Mixed Platforms.Build.0 = Release|Any CPU
		{22230FCA-989F-4CCC-93EA-8B10E8BE0232}.Release|x86.ActiveCfg = Release|Any CPU
		{22230FCA-989F-4CCC-93EA-8B10E8BE0232}.Release|x86.Build.0 = Release|Any CPU
		{BE083DAC-46DE-46B3-BBB1-81381F94F40C}.Debug|Any CPU.ActiveCfg = Debug|Any CPU
		{BE083DAC-46DE-46B3-BBB1-81381F94F40C}.Debug|Any CPU.Build.0 = Debug|Any CPU
		{BE083DAC-46DE-46B3-BBB1-81381F94F40C}.Debug|Mixed Platforms.ActiveCfg = Debug|Any CPU
		{BE083DAC-46DE-46B3-BBB1-81381F94F40C}.Debug|Mixed Platforms.Build.0 = Debug|Any CPU
		{BE083DAC-46DE-46B3-BBB1-81381F94F40C}.Debug|x86.ActiveCfg = Debug|Any CPU
		{BE083DAC-46DE-46B3-BBB1-81381F94F40C}.Debug|x86.Build.0 = Debug|Any CPU
		{BE083DAC-46DE-46B3-BBB1-81381F94F40C}.Release|Any CPU.ActiveCfg = Release|Any CPU
		{BE083DAC-46DE-46B3-BBB1-81381F94F40C}.Release|Any CPU.Build.0 = Release|Any CPU
		{BE083DAC-46DE-46B3-BBB1-81381F94F40C}.Release|Mixed Platforms.ActiveCfg = Release|Any CPU
		{BE083DAC-46DE-46B3-BBB1-81381F94F40C}.Release|Mixed Platforms.Build.0 = Release|Any CPU
		{BE083DAC-46DE-46B3-BBB1-81381F94F40C}.Release|x86.ActiveCfg = Release|Any CPU
		{BE083DAC-46DE-46B3-BBB1-81381F94F40C}.Release|x86.Build.0 = Release|Any CPU
		{E8C81B77-5B26-4695-B70A-C87832871915}.Debug|Any CPU.ActiveCfg = Debug|Any CPU
		{E8C81B77-5B26-4695-B70A-C87832871915}.Debug|Any CPU.Build.0 = Debug|Any CPU
		{E8C81B77-5B26-4695-B70A-C87832871915}.Debug|Mixed Platforms.ActiveCfg = Debug|Any CPU
		{E8C81B77-5B26-4695-B70A-C87832871915}.Debug|Mixed Platforms.Build.0 = Debug|Any CPU
		{E8C81B77-5B26-4695-B70A-C87832871915}.Debug|x86.ActiveCfg = Debug|Any CPU
		{E8C81B77-5B26-4695-B70A-C87832871915}.Debug|x86.Build.0 = Debug|Any CPU
		{E8C81B77-5B26-4695-B70A-C87832871915}.Release|Any CPU.ActiveCfg = Release|Any CPU
		{E8C81B77-5B26-4695-B70A-C87832871915}.Release|Any CPU.Build.0 = Release|Any CPU
		{E8C81B77-5B26-4695-B70A-C87832871915}.Release|Mixed Platforms.ActiveCfg = Release|Any CPU
		{E8C81B77-5B26-4695-B70A-C87832871915}.Release|Mixed Platforms.Build.0 = Release|Any CPU
		{E8C81B77-5B26-4695-B70A-C87832871915}.Release|x86.ActiveCfg = Release|Any CPU
		{E8C81B77-5B26-4695-B70A-C87832871915}.Release|x86.Build.0 = Release|Any CPU
		{23CE37B8-56FA-429A-AF13-3B06841C9817}.Debug|Any CPU.ActiveCfg = Debug|Any CPU
		{23CE37B8-56FA-429A-AF13-3B06841C9817}.Debug|Any CPU.Build.0 = Debug|Any CPU
		{23CE37B8-56FA-429A-AF13-3B06841C9817}.Debug|Mixed Platforms.ActiveCfg = Debug|Any CPU
		{23CE37B8-56FA-429A-AF13-3B06841C9817}.Debug|Mixed Platforms.Build.0 = Debug|Any CPU
		{23CE37B8-56FA-429A-AF13-3B06841C9817}.Debug|x86.ActiveCfg = Debug|Any CPU
		{23CE37B8-56FA-429A-AF13-3B06841C9817}.Debug|x86.Build.0 = Debug|Any CPU
		{23CE37B8-56FA-429A-AF13-3B06841C9817}.Release|Any CPU.ActiveCfg = Release|Any CPU
		{23CE37B8-56FA-429A-AF13-3B06841C9817}.Release|Any CPU.Build.0 = Release|Any CPU
		{23CE37B8-56FA-429A-AF13-3B06841C9817}.Release|Mixed Platforms.ActiveCfg = Release|Any CPU
		{23CE37B8-56FA-429A-AF13-3B06841C9817}.Release|Mixed Platforms.Build.0 = Release|Any CPU
		{23CE37B8-56FA-429A-AF13-3B06841C9817}.Release|x86.ActiveCfg = Release|Any CPU
		{23CE37B8-56FA-429A-AF13-3B06841C9817}.Release|x86.Build.0 = Release|Any CPU
		{ECC2F1E2-A2EA-4390-A75C-114D56F0BD96}.Debug|Any CPU.ActiveCfg = Debug|Any CPU
		{ECC2F1E2-A2EA-4390-A75C-114D56F0BD96}.Debug|Any CPU.Build.0 = Debug|Any CPU
		{ECC2F1E2-A2EA-4390-A75C-114D56F0BD96}.Debug|Mixed Platforms.ActiveCfg = Debug|Any CPU
		{ECC2F1E2-A2EA-4390-A75C-114D56F0BD96}.Debug|Mixed Platforms.Build.0 = Debug|Any CPU
		{ECC2F1E2-A2EA-4390-A75C-114D56F0BD96}.Debug|x86.ActiveCfg = Debug|Any CPU
		{ECC2F1E2-A2EA-4390-A75C-114D56F0BD96}.Debug|x86.Build.0 = Debug|Any CPU
		{ECC2F1E2-A2EA-4390-A75C-114D56F0BD96}.Release|Any CPU.ActiveCfg = Release|Any CPU
		{ECC2F1E2-A2EA-4390-A75C-114D56F0BD96}.Release|Any CPU.Build.0 = Release|Any CPU
		{ECC2F1E2-A2EA-4390-A75C-114D56F0BD96}.Release|Mixed Platforms.ActiveCfg = Release|Any CPU
		{ECC2F1E2-A2EA-4390-A75C-114D56F0BD96}.Release|Mixed Platforms.Build.0 = Release|Any CPU
		{ECC2F1E2-A2EA-4390-A75C-114D56F0BD96}.Release|x86.ActiveCfg = Release|Any CPU
		{ECC2F1E2-A2EA-4390-A75C-114D56F0BD96}.Release|x86.Build.0 = Release|Any CPU
		{FB582D72-F66A-4153-BB91-A4F339ED1795}.Debug|Any CPU.ActiveCfg = Debug|Any CPU
		{FB582D72-F66A-4153-BB91-A4F339ED1795}.Debug|Any CPU.Build.0 = Debug|Any CPU
		{FB582D72-F66A-4153-BB91-A4F339ED1795}.Debug|Mixed Platforms.ActiveCfg = Debug|Any CPU
		{FB582D72-F66A-4153-BB91-A4F339ED1795}.Debug|Mixed Platforms.Build.0 = Debug|Any CPU
		{FB582D72-F66A-4153-BB91-A4F339ED1795}.Debug|x86.ActiveCfg = Debug|Any CPU
		{FB582D72-F66A-4153-BB91-A4F339ED1795}.Debug|x86.Build.0 = Debug|Any CPU
		{FB582D72-F66A-4153-BB91-A4F339ED1795}.Release|Any CPU.ActiveCfg = Release|Any CPU
		{FB582D72-F66A-4153-BB91-A4F339ED1795}.Release|Any CPU.Build.0 = Release|Any CPU
		{FB582D72-F66A-4153-BB91-A4F339ED1795}.Release|Mixed Platforms.ActiveCfg = Release|Any CPU
		{FB582D72-F66A-4153-BB91-A4F339ED1795}.Release|Mixed Platforms.Build.0 = Release|Any CPU
		{FB582D72-F66A-4153-BB91-A4F339ED1795}.Release|x86.ActiveCfg = Release|Any CPU
		{FB582D72-F66A-4153-BB91-A4F339ED1795}.Release|x86.Build.0 = Release|Any CPU
		{FE02E501-BD2C-4E07-9D83-1FD448AE476F}.Debug|Any CPU.ActiveCfg = Debug|Any CPU
		{FE02E501-BD2C-4E07-9D83-1FD448AE476F}.Debug|Any CPU.Build.0 = Debug|Any CPU
		{FE02E501-BD2C-4E07-9D83-1FD448AE476F}.Debug|Mixed Platforms.ActiveCfg = Debug|Any CPU
		{FE02E501-BD2C-4E07-9D83-1FD448AE476F}.Debug|Mixed Platforms.Build.0 = Debug|Any CPU
		{FE02E501-BD2C-4E07-9D83-1FD448AE476F}.Debug|x86.ActiveCfg = Debug|Any CPU
		{FE02E501-BD2C-4E07-9D83-1FD448AE476F}.Debug|x86.Build.0 = Debug|Any CPU
		{FE02E501-BD2C-4E07-9D83-1FD448AE476F}.Release|Any CPU.ActiveCfg = Release|Any CPU
		{FE02E501-BD2C-4E07-9D83-1FD448AE476F}.Release|Any CPU.Build.0 = Release|Any CPU
		{FE02E501-BD2C-4E07-9D83-1FD448AE476F}.Release|Mixed Platforms.ActiveCfg = Release|Any CPU
		{FE02E501-BD2C-4E07-9D83-1FD448AE476F}.Release|Mixed Platforms.Build.0 = Release|Any CPU
		{FE02E501-BD2C-4E07-9D83-1FD448AE476F}.Release|x86.ActiveCfg = Release|Any CPU
		{FE02E501-BD2C-4E07-9D83-1FD448AE476F}.Release|x86.Build.0 = Release|Any CPU
		{12D00995-55F2-4219-9DE4-A377E22174E5}.Debug|Any CPU.ActiveCfg = Debug|Any CPU
		{12D00995-55F2-4219-9DE4-A377E22174E5}.Debug|Any CPU.Build.0 = Debug|Any CPU
		{12D00995-55F2-4219-9DE4-A377E22174E5}.Debug|Mixed Platforms.ActiveCfg = Debug|Any CPU
		{12D00995-55F2-4219-9DE4-A377E22174E5}.Debug|Mixed Platforms.Build.0 = Debug|Any CPU
		{12D00995-55F2-4219-9DE4-A377E22174E5}.Debug|x86.ActiveCfg = Debug|Any CPU
		{12D00995-55F2-4219-9DE4-A377E22174E5}.Debug|x86.Build.0 = Debug|Any CPU
		{12D00995-55F2-4219-9DE4-A377E22174E5}.Release|Any CPU.ActiveCfg = Release|Any CPU
		{12D00995-55F2-4219-9DE4-A377E22174E5}.Release|Any CPU.Build.0 = Release|Any CPU
		{12D00995-55F2-4219-9DE4-A377E22174E5}.Release|Mixed Platforms.ActiveCfg = Release|Any CPU
		{12D00995-55F2-4219-9DE4-A377E22174E5}.Release|Mixed Platforms.Build.0 = Release|Any CPU
		{12D00995-55F2-4219-9DE4-A377E22174E5}.Release|x86.ActiveCfg = Release|Any CPU
		{12D00995-55F2-4219-9DE4-A377E22174E5}.Release|x86.Build.0 = Release|Any CPU
		{157D351C-8DA8-4A9B-B66D-20E4F49EB201}.Debug|Any CPU.ActiveCfg = Debug|Any CPU
		{157D351C-8DA8-4A9B-B66D-20E4F49EB201}.Debug|Any CPU.Build.0 = Debug|Any CPU
		{157D351C-8DA8-4A9B-B66D-20E4F49EB201}.Debug|Mixed Platforms.ActiveCfg = Debug|Any CPU
		{157D351C-8DA8-4A9B-B66D-20E4F49EB201}.Debug|Mixed Platforms.Build.0 = Debug|Any CPU
		{157D351C-8DA8-4A9B-B66D-20E4F49EB201}.Debug|x86.ActiveCfg = Debug|Any CPU
		{157D351C-8DA8-4A9B-B66D-20E4F49EB201}.Debug|x86.Build.0 = Debug|Any CPU
		{157D351C-8DA8-4A9B-B66D-20E4F49EB201}.Release|Any CPU.ActiveCfg = Release|Any CPU
		{157D351C-8DA8-4A9B-B66D-20E4F49EB201}.Release|Any CPU.Build.0 = Release|Any CPU
		{157D351C-8DA8-4A9B-B66D-20E4F49EB201}.Release|Mixed Platforms.ActiveCfg = Release|Any CPU
		{157D351C-8DA8-4A9B-B66D-20E4F49EB201}.Release|Mixed Platforms.Build.0 = Release|Any CPU
		{157D351C-8DA8-4A9B-B66D-20E4F49EB201}.Release|x86.ActiveCfg = Release|Any CPU
		{157D351C-8DA8-4A9B-B66D-20E4F49EB201}.Release|x86.Build.0 = Release|Any CPU
		{EC735467-12D4-471B-80D1-7D594E9E4E68}.Debug|Any CPU.ActiveCfg = Debug|Any CPU
		{EC735467-12D4-471B-80D1-7D594E9E4E68}.Debug|Any CPU.Build.0 = Debug|Any CPU
		{EC735467-12D4-471B-80D1-7D594E9E4E68}.Debug|Mixed Platforms.ActiveCfg = Debug|Any CPU
		{EC735467-12D4-471B-80D1-7D594E9E4E68}.Debug|Mixed Platforms.Build.0 = Debug|Any CPU
		{EC735467-12D4-471B-80D1-7D594E9E4E68}.Debug|x86.ActiveCfg = Debug|Any CPU
		{EC735467-12D4-471B-80D1-7D594E9E4E68}.Debug|x86.Build.0 = Debug|Any CPU
		{EC735467-12D4-471B-80D1-7D594E9E4E68}.Release|Any CPU.ActiveCfg = Release|Any CPU
		{EC735467-12D4-471B-80D1-7D594E9E4E68}.Release|Any CPU.Build.0 = Release|Any CPU
		{EC735467-12D4-471B-80D1-7D594E9E4E68}.Release|Mixed Platforms.ActiveCfg = Release|Any CPU
		{EC735467-12D4-471B-80D1-7D594E9E4E68}.Release|Mixed Platforms.Build.0 = Release|Any CPU
		{EC735467-12D4-471B-80D1-7D594E9E4E68}.Release|x86.ActiveCfg = Release|Any CPU
		{EC735467-12D4-471B-80D1-7D594E9E4E68}.Release|x86.Build.0 = Release|Any CPU
		{987574E0-6B9F-484B-AAE2-A2F4D4F89A9B}.Debug|Any CPU.ActiveCfg = Debug|Any CPU
		{987574E0-6B9F-484B-AAE2-A2F4D4F89A9B}.Debug|Any CPU.Build.0 = Debug|Any CPU
		{987574E0-6B9F-484B-AAE2-A2F4D4F89A9B}.Debug|Mixed Platforms.ActiveCfg = Debug|Any CPU
		{987574E0-6B9F-484B-AAE2-A2F4D4F89A9B}.Debug|Mixed Platforms.Build.0 = Debug|Any CPU
		{987574E0-6B9F-484B-AAE2-A2F4D4F89A9B}.Debug|x86.ActiveCfg = Debug|Any CPU
		{987574E0-6B9F-484B-AAE2-A2F4D4F89A9B}.Debug|x86.Build.0 = Debug|Any CPU
		{987574E0-6B9F-484B-AAE2-A2F4D4F89A9B}.Release|Any CPU.ActiveCfg = Release|Any CPU
		{987574E0-6B9F-484B-AAE2-A2F4D4F89A9B}.Release|Any CPU.Build.0 = Release|Any CPU
		{987574E0-6B9F-484B-AAE2-A2F4D4F89A9B}.Release|Mixed Platforms.ActiveCfg = Release|Any CPU
		{987574E0-6B9F-484B-AAE2-A2F4D4F89A9B}.Release|Mixed Platforms.Build.0 = Release|Any CPU
		{987574E0-6B9F-484B-AAE2-A2F4D4F89A9B}.Release|x86.ActiveCfg = Release|Any CPU
		{987574E0-6B9F-484B-AAE2-A2F4D4F89A9B}.Release|x86.Build.0 = Release|Any CPU
		{2ACEC3D2-CB25-4B0D-A6BC-E224ECD5248E}.Debug|Any CPU.ActiveCfg = Debug|Any CPU
		{2ACEC3D2-CB25-4B0D-A6BC-E224ECD5248E}.Debug|Any CPU.Build.0 = Debug|Any CPU
		{2ACEC3D2-CB25-4B0D-A6BC-E224ECD5248E}.Debug|Mixed Platforms.ActiveCfg = Debug|Any CPU
		{2ACEC3D2-CB25-4B0D-A6BC-E224ECD5248E}.Debug|Mixed Platforms.Build.0 = Debug|Any CPU
		{2ACEC3D2-CB25-4B0D-A6BC-E224ECD5248E}.Debug|x86.ActiveCfg = Debug|Any CPU
		{2ACEC3D2-CB25-4B0D-A6BC-E224ECD5248E}.Debug|x86.Build.0 = Debug|Any CPU
		{2ACEC3D2-CB25-4B0D-A6BC-E224ECD5248E}.Release|Any CPU.ActiveCfg = Release|Any CPU
		{2ACEC3D2-CB25-4B0D-A6BC-E224ECD5248E}.Release|Any CPU.Build.0 = Release|Any CPU
		{2ACEC3D2-CB25-4B0D-A6BC-E224ECD5248E}.Release|Mixed Platforms.ActiveCfg = Release|Any CPU
		{2ACEC3D2-CB25-4B0D-A6BC-E224ECD5248E}.Release|Mixed Platforms.Build.0 = Release|Any CPU
		{2ACEC3D2-CB25-4B0D-A6BC-E224ECD5248E}.Release|x86.ActiveCfg = Release|Any CPU
		{2ACEC3D2-CB25-4B0D-A6BC-E224ECD5248E}.Release|x86.Build.0 = Release|Any CPU
		{550D9A0C-2D6A-46FD-9400-AA722D455F7A}.Debug|Any CPU.ActiveCfg = Debug|Any CPU
		{550D9A0C-2D6A-46FD-9400-AA722D455F7A}.Debug|Any CPU.Build.0 = Debug|Any CPU
		{550D9A0C-2D6A-46FD-9400-AA722D455F7A}.Debug|Mixed Platforms.ActiveCfg = Debug|Any CPU
		{550D9A0C-2D6A-46FD-9400-AA722D455F7A}.Debug|Mixed Platforms.Build.0 = Debug|Any CPU
		{550D9A0C-2D6A-46FD-9400-AA722D455F7A}.Debug|x86.ActiveCfg = Debug|Any CPU
		{550D9A0C-2D6A-46FD-9400-AA722D455F7A}.Debug|x86.Build.0 = Debug|Any CPU
		{550D9A0C-2D6A-46FD-9400-AA722D455F7A}.Release|Any CPU.ActiveCfg = Release|Any CPU
		{550D9A0C-2D6A-46FD-9400-AA722D455F7A}.Release|Any CPU.Build.0 = Release|Any CPU
		{550D9A0C-2D6A-46FD-9400-AA722D455F7A}.Release|Mixed Platforms.ActiveCfg = Release|Any CPU
		{550D9A0C-2D6A-46FD-9400-AA722D455F7A}.Release|Mixed Platforms.Build.0 = Release|Any CPU
		{550D9A0C-2D6A-46FD-9400-AA722D455F7A}.Release|x86.ActiveCfg = Release|Any CPU
		{550D9A0C-2D6A-46FD-9400-AA722D455F7A}.Release|x86.Build.0 = Release|Any CPU
		{F826FC20-06CE-4415-BFF1-7A0C44EB0E07}.Debug|Any CPU.ActiveCfg = Debug|Any CPU
		{F826FC20-06CE-4415-BFF1-7A0C44EB0E07}.Debug|Any CPU.Build.0 = Debug|Any CPU
		{F826FC20-06CE-4415-BFF1-7A0C44EB0E07}.Debug|Mixed Platforms.ActiveCfg = Debug|Any CPU
		{F826FC20-06CE-4415-BFF1-7A0C44EB0E07}.Debug|Mixed Platforms.Build.0 = Debug|Any CPU
		{F826FC20-06CE-4415-BFF1-7A0C44EB0E07}.Debug|x86.ActiveCfg = Debug|Any CPU
		{F826FC20-06CE-4415-BFF1-7A0C44EB0E07}.Debug|x86.Build.0 = Debug|Any CPU
		{F826FC20-06CE-4415-BFF1-7A0C44EB0E07}.Release|Any CPU.ActiveCfg = Release|Any CPU
		{F826FC20-06CE-4415-BFF1-7A0C44EB0E07}.Release|Any CPU.Build.0 = Release|Any CPU
		{F826FC20-06CE-4415-BFF1-7A0C44EB0E07}.Release|Mixed Platforms.ActiveCfg = Release|Any CPU
		{F826FC20-06CE-4415-BFF1-7A0C44EB0E07}.Release|Mixed Platforms.Build.0 = Release|Any CPU
		{F826FC20-06CE-4415-BFF1-7A0C44EB0E07}.Release|x86.ActiveCfg = Release|Any CPU
		{F826FC20-06CE-4415-BFF1-7A0C44EB0E07}.Release|x86.Build.0 = Release|Any CPU
		{A9F1CCE5-4616-47BB-9CB6-888269DD6F63}.Debug|Any CPU.ActiveCfg = Debug|Any CPU
		{A9F1CCE5-4616-47BB-9CB6-888269DD6F63}.Debug|Any CPU.Build.0 = Debug|Any CPU
		{A9F1CCE5-4616-47BB-9CB6-888269DD6F63}.Debug|Any CPU.Deploy.0 = Debug|Any CPU
		{A9F1CCE5-4616-47BB-9CB6-888269DD6F63}.Debug|Mixed Platforms.ActiveCfg = Debug|Any CPU
		{A9F1CCE5-4616-47BB-9CB6-888269DD6F63}.Debug|Mixed Platforms.Build.0 = Debug|Any CPU
		{A9F1CCE5-4616-47BB-9CB6-888269DD6F63}.Debug|Mixed Platforms.Deploy.0 = Debug|Any CPU
		{A9F1CCE5-4616-47BB-9CB6-888269DD6F63}.Debug|x86.ActiveCfg = Debug|Any CPU
		{A9F1CCE5-4616-47BB-9CB6-888269DD6F63}.Debug|x86.Build.0 = Debug|Any CPU
		{A9F1CCE5-4616-47BB-9CB6-888269DD6F63}.Debug|x86.Deploy.0 = Debug|Any CPU
		{A9F1CCE5-4616-47BB-9CB6-888269DD6F63}.Release|Any CPU.ActiveCfg = Release|Any CPU
		{A9F1CCE5-4616-47BB-9CB6-888269DD6F63}.Release|Any CPU.Build.0 = Release|Any CPU
		{A9F1CCE5-4616-47BB-9CB6-888269DD6F63}.Release|Any CPU.Deploy.0 = Release|Any CPU
		{A9F1CCE5-4616-47BB-9CB6-888269DD6F63}.Release|Mixed Platforms.ActiveCfg = Release|Any CPU
		{A9F1CCE5-4616-47BB-9CB6-888269DD6F63}.Release|Mixed Platforms.Build.0 = Release|Any CPU
		{A9F1CCE5-4616-47BB-9CB6-888269DD6F63}.Release|Mixed Platforms.Deploy.0 = Release|Any CPU
		{A9F1CCE5-4616-47BB-9CB6-888269DD6F63}.Release|x86.ActiveCfg = Release|Any CPU
		{A9F1CCE5-4616-47BB-9CB6-888269DD6F63}.Release|x86.Build.0 = Release|Any CPU
		{A9F1CCE5-4616-47BB-9CB6-888269DD6F63}.Release|x86.Deploy.0 = Release|Any CPU
		{96FD9436-DE5C-432A-94CB-CE5E63EE2405}.Debug|Any CPU.ActiveCfg = Debug|Any CPU
		{96FD9436-DE5C-432A-94CB-CE5E63EE2405}.Debug|Any CPU.Build.0 = Debug|Any CPU
		{96FD9436-DE5C-432A-94CB-CE5E63EE2405}.Debug|Mixed Platforms.ActiveCfg = Debug|Any CPU
		{96FD9436-DE5C-432A-94CB-CE5E63EE2405}.Debug|Mixed Platforms.Build.0 = Debug|Any CPU
		{96FD9436-DE5C-432A-94CB-CE5E63EE2405}.Debug|x86.ActiveCfg = Debug|Any CPU
		{96FD9436-DE5C-432A-94CB-CE5E63EE2405}.Debug|x86.Build.0 = Debug|Any CPU
		{96FD9436-DE5C-432A-94CB-CE5E63EE2405}.Release|Any CPU.ActiveCfg = Release|Any CPU
		{96FD9436-DE5C-432A-94CB-CE5E63EE2405}.Release|Any CPU.Build.0 = Release|Any CPU
		{96FD9436-DE5C-432A-94CB-CE5E63EE2405}.Release|Mixed Platforms.ActiveCfg = Release|Any CPU
		{96FD9436-DE5C-432A-94CB-CE5E63EE2405}.Release|Mixed Platforms.Build.0 = Release|Any CPU
		{96FD9436-DE5C-432A-94CB-CE5E63EE2405}.Release|x86.ActiveCfg = Release|Any CPU
		{96FD9436-DE5C-432A-94CB-CE5E63EE2405}.Release|x86.Build.0 = Release|Any CPU
		{F41337B3-BC5A-4E28-9DD0-6296DF9C6203}.Debug|Any CPU.ActiveCfg = Debug|Any CPU
		{F41337B3-BC5A-4E28-9DD0-6296DF9C6203}.Debug|Any CPU.Build.0 = Debug|Any CPU
		{F41337B3-BC5A-4E28-9DD0-6296DF9C6203}.Debug|Mixed Platforms.ActiveCfg = Debug|Any CPU
		{F41337B3-BC5A-4E28-9DD0-6296DF9C6203}.Debug|Mixed Platforms.Build.0 = Debug|Any CPU
		{F41337B3-BC5A-4E28-9DD0-6296DF9C6203}.Debug|x86.ActiveCfg = Debug|Any CPU
		{F41337B3-BC5A-4E28-9DD0-6296DF9C6203}.Debug|x86.Build.0 = Debug|Any CPU
		{F41337B3-BC5A-4E28-9DD0-6296DF9C6203}.Release|Any CPU.ActiveCfg = Release|Any CPU
		{F41337B3-BC5A-4E28-9DD0-6296DF9C6203}.Release|Any CPU.Build.0 = Release|Any CPU
		{F41337B3-BC5A-4E28-9DD0-6296DF9C6203}.Release|Mixed Platforms.ActiveCfg = Release|Any CPU
		{F41337B3-BC5A-4E28-9DD0-6296DF9C6203}.Release|Mixed Platforms.Build.0 = Release|Any CPU
		{F41337B3-BC5A-4E28-9DD0-6296DF9C6203}.Release|x86.ActiveCfg = Release|Any CPU
		{F41337B3-BC5A-4E28-9DD0-6296DF9C6203}.Release|x86.Build.0 = Release|Any CPU
		{86043EC2-FCE3-42FE-9001-E26812B597B7}.Debug|Any CPU.ActiveCfg = Debug|Any CPU
		{86043EC2-FCE3-42FE-9001-E26812B597B7}.Debug|Any CPU.Build.0 = Debug|Any CPU
		{86043EC2-FCE3-42FE-9001-E26812B597B7}.Debug|Mixed Platforms.ActiveCfg = Debug|Any CPU
		{86043EC2-FCE3-42FE-9001-E26812B597B7}.Debug|Mixed Platforms.Build.0 = Debug|Any CPU
		{86043EC2-FCE3-42FE-9001-E26812B597B7}.Debug|x86.ActiveCfg = Debug|Any CPU
		{86043EC2-FCE3-42FE-9001-E26812B597B7}.Debug|x86.Build.0 = Debug|Any CPU
		{86043EC2-FCE3-42FE-9001-E26812B597B7}.Release|Any CPU.ActiveCfg = Release|Any CPU
		{86043EC2-FCE3-42FE-9001-E26812B597B7}.Release|Any CPU.Build.0 = Release|Any CPU
		{86043EC2-FCE3-42FE-9001-E26812B597B7}.Release|Mixed Platforms.ActiveCfg = Release|Any CPU
		{86043EC2-FCE3-42FE-9001-E26812B597B7}.Release|Mixed Platforms.Build.0 = Release|Any CPU
		{86043EC2-FCE3-42FE-9001-E26812B597B7}.Release|x86.ActiveCfg = Release|Any CPU
		{86043EC2-FCE3-42FE-9001-E26812B597B7}.Release|x86.Build.0 = Release|Any CPU
		{21BCD4E8-47A5-4ED3-A832-C9E0659B9B86}.Debug|Any CPU.ActiveCfg = Debug|Any CPU
		{21BCD4E8-47A5-4ED3-A832-C9E0659B9B86}.Debug|Any CPU.Build.0 = Debug|Any CPU
		{21BCD4E8-47A5-4ED3-A832-C9E0659B9B86}.Debug|Mixed Platforms.ActiveCfg = Debug|Any CPU
		{21BCD4E8-47A5-4ED3-A832-C9E0659B9B86}.Debug|Mixed Platforms.Build.0 = Debug|Any CPU
		{21BCD4E8-47A5-4ED3-A832-C9E0659B9B86}.Debug|x86.ActiveCfg = Debug|Any CPU
		{21BCD4E8-47A5-4ED3-A832-C9E0659B9B86}.Debug|x86.Build.0 = Debug|Any CPU
		{21BCD4E8-47A5-4ED3-A832-C9E0659B9B86}.Release|Any CPU.ActiveCfg = Release|Any CPU
		{21BCD4E8-47A5-4ED3-A832-C9E0659B9B86}.Release|Any CPU.Build.0 = Release|Any CPU
		{21BCD4E8-47A5-4ED3-A832-C9E0659B9B86}.Release|Mixed Platforms.ActiveCfg = Release|Any CPU
		{21BCD4E8-47A5-4ED3-A832-C9E0659B9B86}.Release|Mixed Platforms.Build.0 = Release|Any CPU
		{21BCD4E8-47A5-4ED3-A832-C9E0659B9B86}.Release|x86.ActiveCfg = Release|Any CPU
		{21BCD4E8-47A5-4ED3-A832-C9E0659B9B86}.Release|x86.Build.0 = Release|Any CPU
	EndGlobalSection
	GlobalSection(SolutionProperties) = preSolution
		HideSolutionNode = FALSE
	EndGlobalSection
	GlobalSection(NestedProjects) = preSolution
		{22230FCA-989F-4CCC-93EA-8B10E8BE0232} = {25C7A4B6-71E1-41B6-9F5A-52FA5309F413}
		{BE083DAC-46DE-46B3-BBB1-81381F94F40C} = {8359D422-6DDC-4C3C-89A1-69172DE28F52}
		{E8C81B77-5B26-4695-B70A-C87832871915} = {8359D422-6DDC-4C3C-89A1-69172DE28F52}
		{23CE37B8-56FA-429A-AF13-3B06841C9817} = {CCCA5B13-EEF2-44A1-B6B0-6819F412FEB0}
		{ECC2F1E2-A2EA-4390-A75C-114D56F0BD96} = {CCCA5B13-EEF2-44A1-B6B0-6819F412FEB0}
		{FB582D72-F66A-4153-BB91-A4F339ED1795} = {25C7A4B6-71E1-41B6-9F5A-52FA5309F413}
		{FE02E501-BD2C-4E07-9D83-1FD448AE476F} = {25C7A4B6-71E1-41B6-9F5A-52FA5309F413}
		{12D00995-55F2-4219-9DE4-A377E22174E5} = {F470F8F5-6D8C-47F1-A0B8-2D436E6BC573}
		{157D351C-8DA8-4A9B-B66D-20E4F49EB201} = {25C7A4B6-71E1-41B6-9F5A-52FA5309F413}
		{EC735467-12D4-471B-80D1-7D594E9E4E68} = {CCCA5B13-EEF2-44A1-B6B0-6819F412FEB0}
		{987574E0-6B9F-484B-AAE2-A2F4D4F89A9B} = {CCCA5B13-EEF2-44A1-B6B0-6819F412FEB0}
		{2ACEC3D2-CB25-4B0D-A6BC-E224ECD5248E} = {8359D422-6DDC-4C3C-89A1-69172DE28F52}
		{550D9A0C-2D6A-46FD-9400-AA722D455F7A} = {947EB8E6-3009-43A9-878A-4C5F3ADACE32}
		{F826FC20-06CE-4415-BFF1-7A0C44EB0E07} = {F470F8F5-6D8C-47F1-A0B8-2D436E6BC573}
		{A9F1CCE5-4616-47BB-9CB6-888269DD6F63} = {BB8C734D-B696-42B0-8328-48C6A38B52D7}
		{96FD9436-DE5C-432A-94CB-CE5E63EE2405} = {F470F8F5-6D8C-47F1-A0B8-2D436E6BC573}
		{F41337B3-BC5A-4E28-9DD0-6296DF9C6203} = {F470F8F5-6D8C-47F1-A0B8-2D436E6BC573}
		{86043EC2-FCE3-42FE-9001-E26812B597B7} = {F470F8F5-6D8C-47F1-A0B8-2D436E6BC573}
		{21BCD4E8-47A5-4ED3-A832-C9E0659B9B86} = {25C7A4B6-71E1-41B6-9F5A-52FA5309F413}
	EndGlobalSection
	GlobalSection(ExtensibilityGlobals) = postSolution
		SolutionGuid = {60B4C356-76F5-4270-90B7-5609C4A1FDFE}
	EndGlobalSection
EndGlobal
