
Microsoft Visual Studio Solution File, Format Version 12.00
# Visual Studio 15
VisualStudioVersion = 15.0.26430.6
MinimumVisualStudioVersion = 10.0.40219.1
Project("{FAE04EC0-301F-11D3-BF4B-00C04F79EFBC}") = "PlantDataMvc3.Core", "PlantDataMvc3.Core\PlantDataMvc3.Core.csproj", "{21BAD16D-E308-41F0-8246-6BA0003C9139}"
	ProjectSection(ProjectDependencies) = postProject
		{FB368D7F-221A-424E-A218-7E0D0DAA2353} = {FB368D7F-221A-424E-A218-7E0D0DAA2353}
	EndProjectSection
EndProject
Project("{FAE04EC0-301F-11D3-BF4B-00C04F79EFBC}") = "PlantDataMvc3.UI", "PlantDataMvc3.UI\PlantDataMvc3.UI.csproj", "{BE083DAC-46DE-46B3-BBB1-81381F94F40C}"
EndProject
Project("{FAE04EC0-301F-11D3-BF4B-00C04F79EFBC}") = "PlantDataWcfServices", "..\PlantDataWcfServices\PlantDataWcfServices\PlantDataWcfServices.csproj", "{E8487F53-2417-499B-A163-5D71DFBD169C}"
EndProject
Project("{FAE04EC0-301F-11D3-BF4B-00C04F79EFBC}") = "PlantDataMvc3.Tests.DAL", "PlantDataMvc3.Tests.DAL\PlantDataMvc3.Tests.DAL.csproj", "{987574E0-6B9F-484B-AAE2-A2F4D4F89A9B}"
EndProject
Project("{FAE04EC0-301F-11D3-BF4B-00C04F79EFBC}") = "UnitTest.Utils", "UnitTest.Utils\UnitTest.Utils.csproj", "{1A3A2975-AB2E-468B-914C-27D87A9E3804}"
EndProject
Project("{FAE04EC0-301F-11D3-BF4B-00C04F79EFBC}") = "PlantDataMvc3.Tests.Core", "PlantDataMvc3.Tests.Core\PlantDataMvc3.Tests.Core.csproj", "{22230FCA-989F-4CCC-93EA-8B10E8BE0232}"
EndProject
Project("{FAE04EC0-301F-11D3-BF4B-00C04F79EFBC}") = "PlantDataMvc3.Tests.UI", "PlantDataMvc3.Tests.UI\PlantDataMvc3.Tests.UI.csproj", "{E8C81B77-5B26-4695-B70A-C87832871915}"
EndProject
Project("{FAE04EC0-301F-11D3-BF4B-00C04F79EFBC}") = "PlantDataMvc3.DAL.LinqToSql", "PlantDataMVC3.DAL.LinqToSql\PlantDataMvc3.DAL.LinqToSql.csproj", "{131C0FB8-556F-4BFC-A37D-C221833B5C18}"
EndProject
Project("{FAE04EC0-301F-11D3-BF4B-00C04F79EFBC}") = "PlantDataMVC.DAL.TestData", "PlantDataMvc3.DAL.TestData\PlantDataMVC.DAL.TestData.csproj", "{9E4BC26B-3260-48FE-B90D-F8B43D3B7FC9}"
EndProject
Project("{2150E333-8FDC-42A3-9474-1A3956D46DE8}") = ".nuget", ".nuget", "{FDD2BEF9-ADC5-4899-87A0-4E6E5CA3FA3E}"
	ProjectSection(SolutionItems) = preProject
		.nuget\packages.config = .nuget\packages.config
	EndProjectSection
EndProject
Project("{FAE04EC0-301F-11D3-BF4B-00C04F79EFBC}") = "PlantDataMVC.DAL", "PlantDataMVC.DAL\PlantDataMVC.DAL.csproj", "{FB368D7F-221A-424E-A218-7E0D0DAA2353}"
EndProject
Project("{FAE04EC0-301F-11D3-BF4B-00C04F79EFBC}") = "PlantDataMVC.DAL.EF", "PlantDataMVC.DAL.EF\PlantDataMVC.DAL.EF.csproj", "{05C217A2-01BD-42CD-A756-849EC564A873}"
EndProject
Global
	GlobalSection(SolutionConfigurationPlatforms) = preSolution
		Debug|Any CPU = Debug|Any CPU
		Debug|Mixed Platforms = Debug|Mixed Platforms
		Debug|x86 = Debug|x86
		Release|Any CPU = Release|Any CPU
		Release|Mixed Platforms = Release|Mixed Platforms
		Release|x86 = Release|x86
	EndGlobalSection
	GlobalSection(ProjectConfigurationPlatforms) = postSolution
		{21BAD16D-E308-41F0-8246-6BA0003C9139}.Debug|Any CPU.ActiveCfg = Debug|Any CPU
		{21BAD16D-E308-41F0-8246-6BA0003C9139}.Debug|Any CPU.Build.0 = Debug|Any CPU
		{21BAD16D-E308-41F0-8246-6BA0003C9139}.Debug|Mixed Platforms.ActiveCfg = Debug|Any CPU
		{21BAD16D-E308-41F0-8246-6BA0003C9139}.Debug|Mixed Platforms.Build.0 = Debug|Any CPU
		{21BAD16D-E308-41F0-8246-6BA0003C9139}.Debug|x86.ActiveCfg = Debug|Any CPU
		{21BAD16D-E308-41F0-8246-6BA0003C9139}.Release|Any CPU.ActiveCfg = Release|Any CPU
		{21BAD16D-E308-41F0-8246-6BA0003C9139}.Release|Any CPU.Build.0 = Release|Any CPU
		{21BAD16D-E308-41F0-8246-6BA0003C9139}.Release|Mixed Platforms.ActiveCfg = Release|Any CPU
		{21BAD16D-E308-41F0-8246-6BA0003C9139}.Release|Mixed Platforms.Build.0 = Release|Any CPU
		{21BAD16D-E308-41F0-8246-6BA0003C9139}.Release|x86.ActiveCfg = Release|Any CPU
		{BE083DAC-46DE-46B3-BBB1-81381F94F40C}.Debug|Any CPU.ActiveCfg = Debug|Any CPU
		{BE083DAC-46DE-46B3-BBB1-81381F94F40C}.Debug|Any CPU.Build.0 = Debug|Any CPU
		{BE083DAC-46DE-46B3-BBB1-81381F94F40C}.Debug|Mixed Platforms.ActiveCfg = Debug|Any CPU
		{BE083DAC-46DE-46B3-BBB1-81381F94F40C}.Debug|Mixed Platforms.Build.0 = Debug|Any CPU
		{BE083DAC-46DE-46B3-BBB1-81381F94F40C}.Debug|x86.ActiveCfg = Debug|Any CPU
		{BE083DAC-46DE-46B3-BBB1-81381F94F40C}.Release|Any CPU.ActiveCfg = Release|Any CPU
		{BE083DAC-46DE-46B3-BBB1-81381F94F40C}.Release|Any CPU.Build.0 = Release|Any CPU
		{BE083DAC-46DE-46B3-BBB1-81381F94F40C}.Release|Mixed Platforms.ActiveCfg = Release|Any CPU
		{BE083DAC-46DE-46B3-BBB1-81381F94F40C}.Release|Mixed Platforms.Build.0 = Release|Any CPU
		{BE083DAC-46DE-46B3-BBB1-81381F94F40C}.Release|x86.ActiveCfg = Release|Any CPU
		{E8487F53-2417-499B-A163-5D71DFBD169C}.Debug|Any CPU.ActiveCfg = Debug|Any CPU
		{E8487F53-2417-499B-A163-5D71DFBD169C}.Debug|Any CPU.Build.0 = Debug|Any CPU
		{E8487F53-2417-499B-A163-5D71DFBD169C}.Debug|Mixed Platforms.ActiveCfg = Debug|Any CPU
		{E8487F53-2417-499B-A163-5D71DFBD169C}.Debug|Mixed Platforms.Build.0 = Debug|Any CPU
		{E8487F53-2417-499B-A163-5D71DFBD169C}.Debug|x86.ActiveCfg = Debug|Any CPU
		{E8487F53-2417-499B-A163-5D71DFBD169C}.Release|Any CPU.ActiveCfg = Release|Any CPU
		{E8487F53-2417-499B-A163-5D71DFBD169C}.Release|Any CPU.Build.0 = Release|Any CPU
		{E8487F53-2417-499B-A163-5D71DFBD169C}.Release|Mixed Platforms.ActiveCfg = Release|Any CPU
		{E8487F53-2417-499B-A163-5D71DFBD169C}.Release|Mixed Platforms.Build.0 = Release|Any CPU
		{E8487F53-2417-499B-A163-5D71DFBD169C}.Release|x86.ActiveCfg = Release|Any CPU
		{987574E0-6B9F-484B-AAE2-A2F4D4F89A9B}.Debug|Any CPU.ActiveCfg = Debug|Any CPU
		{987574E0-6B9F-484B-AAE2-A2F4D4F89A9B}.Debug|Any CPU.Build.0 = Debug|Any CPU
		{987574E0-6B9F-484B-AAE2-A2F4D4F89A9B}.Debug|Mixed Platforms.ActiveCfg = Debug|Any CPU
		{987574E0-6B9F-484B-AAE2-A2F4D4F89A9B}.Debug|Mixed Platforms.Build.0 = Debug|Any CPU
		{987574E0-6B9F-484B-AAE2-A2F4D4F89A9B}.Debug|x86.ActiveCfg = Debug|Any CPU
		{987574E0-6B9F-484B-AAE2-A2F4D4F89A9B}.Release|Any CPU.ActiveCfg = Release|Any CPU
		{987574E0-6B9F-484B-AAE2-A2F4D4F89A9B}.Release|Any CPU.Build.0 = Release|Any CPU
		{987574E0-6B9F-484B-AAE2-A2F4D4F89A9B}.Release|Mixed Platforms.ActiveCfg = Release|Any CPU
		{987574E0-6B9F-484B-AAE2-A2F4D4F89A9B}.Release|Mixed Platforms.Build.0 = Release|Any CPU
		{987574E0-6B9F-484B-AAE2-A2F4D4F89A9B}.Release|x86.ActiveCfg = Release|Any CPU
		{1A3A2975-AB2E-468B-914C-27D87A9E3804}.Debug|Any CPU.ActiveCfg = Debug|Any CPU
		{1A3A2975-AB2E-468B-914C-27D87A9E3804}.Debug|Any CPU.Build.0 = Debug|Any CPU
		{1A3A2975-AB2E-468B-914C-27D87A9E3804}.Debug|Mixed Platforms.ActiveCfg = Debug|Any CPU
		{1A3A2975-AB2E-468B-914C-27D87A9E3804}.Debug|Mixed Platforms.Build.0 = Debug|Any CPU
		{1A3A2975-AB2E-468B-914C-27D87A9E3804}.Debug|x86.ActiveCfg = Debug|Any CPU
		{1A3A2975-AB2E-468B-914C-27D87A9E3804}.Release|Any CPU.ActiveCfg = Release|Any CPU
		{1A3A2975-AB2E-468B-914C-27D87A9E3804}.Release|Any CPU.Build.0 = Release|Any CPU
		{1A3A2975-AB2E-468B-914C-27D87A9E3804}.Release|Mixed Platforms.ActiveCfg = Release|Any CPU
		{1A3A2975-AB2E-468B-914C-27D87A9E3804}.Release|Mixed Platforms.Build.0 = Release|Any CPU
		{1A3A2975-AB2E-468B-914C-27D87A9E3804}.Release|x86.ActiveCfg = Release|Any CPU
		{22230FCA-989F-4CCC-93EA-8B10E8BE0232}.Debug|Any CPU.ActiveCfg = Debug|Any CPU
		{22230FCA-989F-4CCC-93EA-8B10E8BE0232}.Debug|Any CPU.Build.0 = Debug|Any CPU
		{22230FCA-989F-4CCC-93EA-8B10E8BE0232}.Debug|Mixed Platforms.ActiveCfg = Debug|Any CPU
		{22230FCA-989F-4CCC-93EA-8B10E8BE0232}.Debug|Mixed Platforms.Build.0 = Debug|Any CPU
		{22230FCA-989F-4CCC-93EA-8B10E8BE0232}.Debug|x86.ActiveCfg = Debug|Any CPU
		{22230FCA-989F-4CCC-93EA-8B10E8BE0232}.Release|Any CPU.ActiveCfg = Release|Any CPU
		{22230FCA-989F-4CCC-93EA-8B10E8BE0232}.Release|Any CPU.Build.0 = Release|Any CPU
		{22230FCA-989F-4CCC-93EA-8B10E8BE0232}.Release|Mixed Platforms.ActiveCfg = Release|Any CPU
		{22230FCA-989F-4CCC-93EA-8B10E8BE0232}.Release|Mixed Platforms.Build.0 = Release|Any CPU
		{22230FCA-989F-4CCC-93EA-8B10E8BE0232}.Release|x86.ActiveCfg = Release|Any CPU
		{E8C81B77-5B26-4695-B70A-C87832871915}.Debug|Any CPU.ActiveCfg = Debug|Any CPU
		{E8C81B77-5B26-4695-B70A-C87832871915}.Debug|Any CPU.Build.0 = Debug|Any CPU
		{E8C81B77-5B26-4695-B70A-C87832871915}.Debug|Mixed Platforms.ActiveCfg = Debug|Any CPU
		{E8C81B77-5B26-4695-B70A-C87832871915}.Debug|Mixed Platforms.Build.0 = Debug|Any CPU
		{E8C81B77-5B26-4695-B70A-C87832871915}.Debug|x86.ActiveCfg = Debug|Any CPU
		{E8C81B77-5B26-4695-B70A-C87832871915}.Release|Any CPU.ActiveCfg = Release|Any CPU
		{E8C81B77-5B26-4695-B70A-C87832871915}.Release|Any CPU.Build.0 = Release|Any CPU
		{E8C81B77-5B26-4695-B70A-C87832871915}.Release|Mixed Platforms.ActiveCfg = Release|Any CPU
		{E8C81B77-5B26-4695-B70A-C87832871915}.Release|Mixed Platforms.Build.0 = Release|Any CPU
		{E8C81B77-5B26-4695-B70A-C87832871915}.Release|x86.ActiveCfg = Release|Any CPU
		{131C0FB8-556F-4BFC-A37D-C221833B5C18}.Debug|Any CPU.ActiveCfg = Debug|Any CPU
		{131C0FB8-556F-4BFC-A37D-C221833B5C18}.Debug|Any CPU.Build.0 = Debug|Any CPU
		{131C0FB8-556F-4BFC-A37D-C221833B5C18}.Debug|Mixed Platforms.ActiveCfg = Debug|Any CPU
		{131C0FB8-556F-4BFC-A37D-C221833B5C18}.Debug|Mixed Platforms.Build.0 = Debug|Any CPU
		{131C0FB8-556F-4BFC-A37D-C221833B5C18}.Debug|x86.ActiveCfg = Debug|Any CPU
		{131C0FB8-556F-4BFC-A37D-C221833B5C18}.Release|Any CPU.ActiveCfg = Release|Any CPU
		{131C0FB8-556F-4BFC-A37D-C221833B5C18}.Release|Any CPU.Build.0 = Release|Any CPU
		{131C0FB8-556F-4BFC-A37D-C221833B5C18}.Release|Mixed Platforms.ActiveCfg = Release|Any CPU
		{131C0FB8-556F-4BFC-A37D-C221833B5C18}.Release|Mixed Platforms.Build.0 = Release|Any CPU
		{131C0FB8-556F-4BFC-A37D-C221833B5C18}.Release|x86.ActiveCfg = Release|Any CPU
		{9E4BC26B-3260-48FE-B90D-F8B43D3B7FC9}.Debug|Any CPU.ActiveCfg = Debug|Any CPU
		{9E4BC26B-3260-48FE-B90D-F8B43D3B7FC9}.Debug|Any CPU.Build.0 = Debug|Any CPU
		{9E4BC26B-3260-48FE-B90D-F8B43D3B7FC9}.Debug|Mixed Platforms.ActiveCfg = Debug|Any CPU
		{9E4BC26B-3260-48FE-B90D-F8B43D3B7FC9}.Debug|Mixed Platforms.Build.0 = Debug|Any CPU
		{9E4BC26B-3260-48FE-B90D-F8B43D3B7FC9}.Debug|x86.ActiveCfg = Debug|Any CPU
		{9E4BC26B-3260-48FE-B90D-F8B43D3B7FC9}.Release|Any CPU.ActiveCfg = Release|Any CPU
		{9E4BC26B-3260-48FE-B90D-F8B43D3B7FC9}.Release|Any CPU.Build.0 = Release|Any CPU
		{9E4BC26B-3260-48FE-B90D-F8B43D3B7FC9}.Release|Mixed Platforms.ActiveCfg = Release|Any CPU
		{9E4BC26B-3260-48FE-B90D-F8B43D3B7FC9}.Release|Mixed Platforms.Build.0 = Release|Any CPU
		{9E4BC26B-3260-48FE-B90D-F8B43D3B7FC9}.Release|x86.ActiveCfg = Release|Any CPU
		{FB368D7F-221A-424E-A218-7E0D0DAA2353}.Debug|Any CPU.ActiveCfg = Debug|Any CPU
		{FB368D7F-221A-424E-A218-7E0D0DAA2353}.Debug|Any CPU.Build.0 = Debug|Any CPU
		{FB368D7F-221A-424E-A218-7E0D0DAA2353}.Debug|Mixed Platforms.ActiveCfg = Debug|Any CPU
		{FB368D7F-221A-424E-A218-7E0D0DAA2353}.Debug|Mixed Platforms.Build.0 = Debug|Any CPU
		{FB368D7F-221A-424E-A218-7E0D0DAA2353}.Debug|x86.ActiveCfg = Debug|Any CPU
		{FB368D7F-221A-424E-A218-7E0D0DAA2353}.Debug|x86.Build.0 = Debug|Any CPU
		{FB368D7F-221A-424E-A218-7E0D0DAA2353}.Release|Any CPU.ActiveCfg = Release|Any CPU
		{FB368D7F-221A-424E-A218-7E0D0DAA2353}.Release|Any CPU.Build.0 = Release|Any CPU
		{FB368D7F-221A-424E-A218-7E0D0DAA2353}.Release|Mixed Platforms.ActiveCfg = Release|Any CPU
		{FB368D7F-221A-424E-A218-7E0D0DAA2353}.Release|Mixed Platforms.Build.0 = Release|Any CPU
		{FB368D7F-221A-424E-A218-7E0D0DAA2353}.Release|x86.ActiveCfg = Release|Any CPU
		{FB368D7F-221A-424E-A218-7E0D0DAA2353}.Release|x86.Build.0 = Release|Any CPU
		{05C217A2-01BD-42CD-A756-849EC564A873}.Debug|Any CPU.ActiveCfg = Debug|Any CPU
		{05C217A2-01BD-42CD-A756-849EC564A873}.Debug|Any CPU.Build.0 = Debug|Any CPU
		{05C217A2-01BD-42CD-A756-849EC564A873}.Debug|Mixed Platforms.ActiveCfg = Debug|Any CPU
		{05C217A2-01BD-42CD-A756-849EC564A873}.Debug|Mixed Platforms.Build.0 = Debug|Any CPU
		{05C217A2-01BD-42CD-A756-849EC564A873}.Debug|x86.ActiveCfg = Debug|Any CPU
		{05C217A2-01BD-42CD-A756-849EC564A873}.Debug|x86.Build.0 = Debug|Any CPU
		{05C217A2-01BD-42CD-A756-849EC564A873}.Release|Any CPU.ActiveCfg = Release|Any CPU
		{05C217A2-01BD-42CD-A756-849EC564A873}.Release|Any CPU.Build.0 = Release|Any CPU
		{05C217A2-01BD-42CD-A756-849EC564A873}.Release|Mixed Platforms.ActiveCfg = Release|Any CPU
		{05C217A2-01BD-42CD-A756-849EC564A873}.Release|Mixed Platforms.Build.0 = Release|Any CPU
		{05C217A2-01BD-42CD-A756-849EC564A873}.Release|x86.ActiveCfg = Release|Any CPU
		{05C217A2-01BD-42CD-A756-849EC564A873}.Release|x86.Build.0 = Release|Any CPU
	EndGlobalSection
	GlobalSection(SolutionProperties) = preSolution
		HideSolutionNode = FALSE
	EndGlobalSection
EndGlobal
