
Microsoft Visual Studio Solution File, Format Version 12.00
# Visual Studio Version 17
VisualStudioVersion = 17.1.32414.318
MinimumVisualStudioVersion = 10.0.40219.1
Project("{9A19103F-16F7-4668-BE54-9A1E7A4F7556}") = "UnitTest.Utils", "UnitTest.Utils\UnitTest.Utils.csproj", "{1A3A2975-AB2E-468B-914C-27D87A9E3804}"
EndProject
Project("{2150E333-8FDC-42A3-9474-1A3956D46DE8}") = ".nuget", ".nuget", "{FDD2BEF9-ADC5-4899-87A0-4E6E5CA3FA3E}"
	ProjectSection(SolutionItems) = preProject
		.nuget\packages.config = .nuget\packages.config
	EndProjectSection
EndProject
Project("{2150E333-8FDC-42A3-9474-1A3956D46DE8}") = "0.Solution Items", "0.Solution Items", "{33ADC7C0-A99E-42C6-BB34-E6E255E85B6A}"
	ProjectSection(SolutionItems) = preProject
		ConnectionStrings.config = ConnectionStrings.config
		ConnectionStrings.json = ConnectionStrings.json
		Directory.Build.props = Directory.Build.props
		DomainThoughts.md = DomainThoughts.md
		GeneralLinks.md = GeneralLinks.md
		README.md = README.md
		TaskList.md = TaskList.md
	EndProjectSection
EndProject
Project("{2150E333-8FDC-42A3-9474-1A3956D46DE8}") = "3.Domain", "3.Domain", "{CCCA5B13-EEF2-44A1-B6B0-6819F412FEB0}"
EndProject
Project("{2150E333-8FDC-42A3-9474-1A3956D46DE8}") = "4.Service", "4.Service", "{25C7A4B6-71E1-41B6-9F5A-52FA5309F413}"
EndProject
Project("{2150E333-8FDC-42A3-9474-1A3956D46DE8}") = "5.Web", "5.Web", "{8359D422-6DDC-4C3C-89A1-69172DE28F52}"
EndProject
Project("{9A19103F-16F7-4668-BE54-9A1E7A4F7556}") = "PlantDataMVC.Entities", "PlantDataMVC.Entities\PlantDataMVC.Entities.csproj", "{ECC2F1E2-A2EA-4390-A75C-114D56F0BD96}"
EndProject
Project("{9A19103F-16F7-4668-BE54-9A1E7A4F7556}") = "Framework.Service", "Framework.Service\Framework.Service.csproj", "{FB582D72-F66A-4153-BB91-A4F339ED1795}"
EndProject
Project("{9A19103F-16F7-4668-BE54-9A1E7A4F7556}") = "PlantDataMVC.Service", "PlantDataMVC.Service\PlantDataMVC.Service.csproj", "{FE02E501-BD2C-4E07-9D83-1FD448AE476F}"
EndProject
Project("{9A19103F-16F7-4668-BE54-9A1E7A4F7556}") = "PlantDataMVC.Repository", "PlantDataMVC.Repository\PlantDataMVC.Repository.csproj", "{EC735467-12D4-471B-80D1-7D594E9E4E68}"
EndProject
Project("{2150E333-8FDC-42A3-9474-1A3956D46DE8}") = "2.Interfaces", "2.Interfaces", "{F470F8F5-6D8C-47F1-A0B8-2D436E6BC573}"
EndProject
Project("{9A19103F-16F7-4668-BE54-9A1E7A4F7556}") = "Interfaces.Service", "Interfaces.Service\Interfaces.Service.csproj", "{F826FC20-06CE-4415-BFF1-7A0C44EB0E07}"
EndProject
Project("{2150E333-8FDC-42A3-9474-1A3956D46DE8}") = "1.Database", "1.Database", "{BB8C734D-B696-42B0-8328-48C6A38B52D7}"
EndProject
Project("{00D1A9C2-B5F0-4AF3-8072-F6C62B433612}") = "PlantDataDB", "PlantDataDB\PlantDataDB.sqlproj", "{A9F1CCE5-4616-47BB-9CB6-888269DD6F63}"
EndProject
Project("{9A19103F-16F7-4668-BE54-9A1E7A4F7556}") = "PlantDataMVC.Constants", "PlantDataMVC.Constants\PlantDataMVC.Constants.csproj", "{FEA2E1CB-2588-4B85-B97B-A03A8F75B0A2}"
EndProject
Project("{9A19103F-16F7-4668-BE54-9A1E7A4F7556}") = "Interfaces.Domain", "Interfaces.Domain\Interfaces.Domain.csproj", "{96FD9436-DE5C-432A-94CB-CE5E63EE2405}"
EndProject
Project("{9A19103F-16F7-4668-BE54-9A1E7A4F7556}") = "Framework.Domain.EF", "Framework.Domain.EF\Framework.Domain.EF.csproj", "{23CE37B8-56FA-429A-AF13-3B06841C9817}"
EndProject
Project("{9A19103F-16F7-4668-BE54-9A1E7A4F7556}") = "PlantDataMVC.Domain.Tests", "PlantDataMVC.Domain.Tests\PlantDataMVC.Domain.Tests.csproj", "{987574E0-6B9F-484B-AAE2-A2F4D4F89A9B}"
EndProject
Project("{9A19103F-16F7-4668-BE54-9A1E7A4F7556}") = "PlantDataMVC.Service.Tests", "PlantDataMVC.Service.Tests\PlantDataMVC.Service.Tests.csproj", "{22230FCA-989F-4CCC-93EA-8B10E8BE0232}"
EndProject
Project("{9A19103F-16F7-4668-BE54-9A1E7A4F7556}") = "PlantDataMVC.IdentityServer", "PlantDataMVC.IdentityServer\PlantDataMVC.IdentityServer.csproj", "{047F3356-2F93-4EAB-BAAB-754721114A68}"
EndProject
Project("{9A19103F-16F7-4668-BE54-9A1E7A4F7556}") = "PlantDataMVC.Api.Models", "PlantDataMVC.Api.Models\PlantDataMVC.Api.Models.csproj", "{25BD37F4-CB17-43BC-9BBB-CD5F2E0035B9}"
EndProject
Project("{9A19103F-16F7-4668-BE54-9A1E7A4F7556}") = "PlantDataMVC.Api", "PlantDataMVC.Api\PlantDataMVC.Api.csproj", "{243BE6D8-482E-4A29-8D59-BE7BE3E78FD7}"
EndProject
Project("{9A19103F-16F7-4668-BE54-9A1E7A4F7556}") = "PlantDataMVC.Api.Tests", "PlantDataMvc.Api.Tests\PlantDataMVC.Api.Tests.csproj", "{0E562FEB-6A5C-48F6-B8A5-24AB95F1FE28}"
EndProject
Project("{9A19103F-16F7-4668-BE54-9A1E7A4F7556}") = "Framework.Web", "Framework.Web\Framework.Web.csproj", "{A04CF994-D12A-418B-92C9-62A3F0299114}"
EndProject
Project("{9A19103F-16F7-4668-BE54-9A1E7A4F7556}") = "PlantDataMVC.Web", "PlantDataMVC.Web\PlantDataMVC.Web.csproj", "{1D9FB366-7D61-4CF7-9083-6781D513B3DB}"
EndProject
Project("{9A19103F-16F7-4668-BE54-9A1E7A4F7556}") = "PlantDataMVC.Common.Client", "PlantDataMVC.common.Client\PlantDataMVC.Common.Client.csproj", "{49DAD686-0BDD-403B-A2A3-D013BF7AF380}"
EndProject
Global
	GlobalSection(SolutionConfigurationPlatforms) = preSolution
		Debug|Any CPU = Debug|Any CPU
		Debug|Mixed Platforms = Debug|Mixed Platforms
		Debug|x86 = Debug|x86
		Release|Any CPU = Release|Any CPU
		Release|Mixed Platforms = Release|Mixed Platforms
		Release|x86 = Release|x86
	EndGlobalSection
	GlobalSection(ProjectConfigurationPlatforms) = postSolution
		{1A3A2975-AB2E-468B-914C-27D87A9E3804}.Debug|Any CPU.ActiveCfg = Debug|Any CPU
		{1A3A2975-AB2E-468B-914C-27D87A9E3804}.Debug|Any CPU.Build.0 = Debug|Any CPU
		{1A3A2975-AB2E-468B-914C-27D87A9E3804}.Debug|Mixed Platforms.ActiveCfg = Debug|Any CPU
		{1A3A2975-AB2E-468B-914C-27D87A9E3804}.Debug|Mixed Platforms.Build.0 = Debug|Any CPU
		{1A3A2975-AB2E-468B-914C-27D87A9E3804}.Debug|x86.ActiveCfg = Debug|Any CPU
		{1A3A2975-AB2E-468B-914C-27D87A9E3804}.Debug|x86.Build.0 = Debug|Any CPU
		{1A3A2975-AB2E-468B-914C-27D87A9E3804}.Release|Any CPU.ActiveCfg = Release|Any CPU
		{1A3A2975-AB2E-468B-914C-27D87A9E3804}.Release|Any CPU.Build.0 = Release|Any CPU
		{1A3A2975-AB2E-468B-914C-27D87A9E3804}.Release|Mixed Platforms.ActiveCfg = Release|Any CPU
		{1A3A2975-AB2E-468B-914C-27D87A9E3804}.Release|Mixed Platforms.Build.0 = Release|Any CPU
		{1A3A2975-AB2E-468B-914C-27D87A9E3804}.Release|x86.ActiveCfg = Release|Any CPU
		{1A3A2975-AB2E-468B-914C-27D87A9E3804}.Release|x86.Build.0 = Release|Any CPU
		{ECC2F1E2-A2EA-4390-A75C-114D56F0BD96}.Debug|Any CPU.ActiveCfg = Debug|Any CPU
		{ECC2F1E2-A2EA-4390-A75C-114D56F0BD96}.Debug|Any CPU.Build.0 = Debug|Any CPU
		{ECC2F1E2-A2EA-4390-A75C-114D56F0BD96}.Debug|Mixed Platforms.ActiveCfg = Debug|Any CPU
		{ECC2F1E2-A2EA-4390-A75C-114D56F0BD96}.Debug|Mixed Platforms.Build.0 = Debug|Any CPU
		{ECC2F1E2-A2EA-4390-A75C-114D56F0BD96}.Debug|x86.ActiveCfg = Debug|Any CPU
		{ECC2F1E2-A2EA-4390-A75C-114D56F0BD96}.Debug|x86.Build.0 = Debug|Any CPU
		{ECC2F1E2-A2EA-4390-A75C-114D56F0BD96}.Release|Any CPU.ActiveCfg = Release|Any CPU
		{ECC2F1E2-A2EA-4390-A75C-114D56F0BD96}.Release|Any CPU.Build.0 = Release|Any CPU
		{ECC2F1E2-A2EA-4390-A75C-114D56F0BD96}.Release|Mixed Platforms.ActiveCfg = Release|Any CPU
		{ECC2F1E2-A2EA-4390-A75C-114D56F0BD96}.Release|Mixed Platforms.Build.0 = Release|Any CPU
		{ECC2F1E2-A2EA-4390-A75C-114D56F0BD96}.Release|x86.ActiveCfg = Release|Any CPU
		{ECC2F1E2-A2EA-4390-A75C-114D56F0BD96}.Release|x86.Build.0 = Release|Any CPU
		{FB582D72-F66A-4153-BB91-A4F339ED1795}.Debug|Any CPU.ActiveCfg = Debug|Any CPU
		{FB582D72-F66A-4153-BB91-A4F339ED1795}.Debug|Any CPU.Build.0 = Debug|Any CPU
		{FB582D72-F66A-4153-BB91-A4F339ED1795}.Debug|Mixed Platforms.ActiveCfg = Debug|Any CPU
		{FB582D72-F66A-4153-BB91-A4F339ED1795}.Debug|Mixed Platforms.Build.0 = Debug|Any CPU
		{FB582D72-F66A-4153-BB91-A4F339ED1795}.Debug|x86.ActiveCfg = Debug|Any CPU
		{FB582D72-F66A-4153-BB91-A4F339ED1795}.Debug|x86.Build.0 = Debug|Any CPU
		{FB582D72-F66A-4153-BB91-A4F339ED1795}.Release|Any CPU.ActiveCfg = Release|Any CPU
		{FB582D72-F66A-4153-BB91-A4F339ED1795}.Release|Any CPU.Build.0 = Release|Any CPU
		{FB582D72-F66A-4153-BB91-A4F339ED1795}.Release|Mixed Platforms.ActiveCfg = Release|Any CPU
		{FB582D72-F66A-4153-BB91-A4F339ED1795}.Release|Mixed Platforms.Build.0 = Release|Any CPU
		{FB582D72-F66A-4153-BB91-A4F339ED1795}.Release|x86.ActiveCfg = Release|Any CPU
		{FB582D72-F66A-4153-BB91-A4F339ED1795}.Release|x86.Build.0 = Release|Any CPU
		{FE02E501-BD2C-4E07-9D83-1FD448AE476F}.Debug|Any CPU.ActiveCfg = Debug|Any CPU
		{FE02E501-BD2C-4E07-9D83-1FD448AE476F}.Debug|Any CPU.Build.0 = Debug|Any CPU
		{FE02E501-BD2C-4E07-9D83-1FD448AE476F}.Debug|Mixed Platforms.ActiveCfg = Debug|Any CPU
		{FE02E501-BD2C-4E07-9D83-1FD448AE476F}.Debug|Mixed Platforms.Build.0 = Debug|Any CPU
		{FE02E501-BD2C-4E07-9D83-1FD448AE476F}.Debug|x86.ActiveCfg = Debug|Any CPU
		{FE02E501-BD2C-4E07-9D83-1FD448AE476F}.Debug|x86.Build.0 = Debug|Any CPU
		{FE02E501-BD2C-4E07-9D83-1FD448AE476F}.Release|Any CPU.ActiveCfg = Release|Any CPU
		{FE02E501-BD2C-4E07-9D83-1FD448AE476F}.Release|Any CPU.Build.0 = Release|Any CPU
		{FE02E501-BD2C-4E07-9D83-1FD448AE476F}.Release|Mixed Platforms.ActiveCfg = Release|Any CPU
		{FE02E501-BD2C-4E07-9D83-1FD448AE476F}.Release|Mixed Platforms.Build.0 = Release|Any CPU
		{FE02E501-BD2C-4E07-9D83-1FD448AE476F}.Release|x86.ActiveCfg = Release|Any CPU
		{FE02E501-BD2C-4E07-9D83-1FD448AE476F}.Release|x86.Build.0 = Release|Any CPU
		{EC735467-12D4-471B-80D1-7D594E9E4E68}.Debug|Any CPU.ActiveCfg = Debug|Any CPU
		{EC735467-12D4-471B-80D1-7D594E9E4E68}.Debug|Any CPU.Build.0 = Debug|Any CPU
		{EC735467-12D4-471B-80D1-7D594E9E4E68}.Debug|Mixed Platforms.ActiveCfg = Debug|Any CPU
		{EC735467-12D4-471B-80D1-7D594E9E4E68}.Debug|Mixed Platforms.Build.0 = Debug|Any CPU
		{EC735467-12D4-471B-80D1-7D594E9E4E68}.Debug|x86.ActiveCfg = Debug|Any CPU
		{EC735467-12D4-471B-80D1-7D594E9E4E68}.Debug|x86.Build.0 = Debug|Any CPU
		{EC735467-12D4-471B-80D1-7D594E9E4E68}.Release|Any CPU.ActiveCfg = Release|Any CPU
		{EC735467-12D4-471B-80D1-7D594E9E4E68}.Release|Any CPU.Build.0 = Release|Any CPU
		{EC735467-12D4-471B-80D1-7D594E9E4E68}.Release|Mixed Platforms.ActiveCfg = Release|Any CPU
		{EC735467-12D4-471B-80D1-7D594E9E4E68}.Release|Mixed Platforms.Build.0 = Release|Any CPU
		{EC735467-12D4-471B-80D1-7D594E9E4E68}.Release|x86.ActiveCfg = Release|Any CPU
		{EC735467-12D4-471B-80D1-7D594E9E4E68}.Release|x86.Build.0 = Release|Any CPU
		{F826FC20-06CE-4415-BFF1-7A0C44EB0E07}.Debug|Any CPU.ActiveCfg = Debug|Any CPU
		{F826FC20-06CE-4415-BFF1-7A0C44EB0E07}.Debug|Any CPU.Build.0 = Debug|Any CPU
		{F826FC20-06CE-4415-BFF1-7A0C44EB0E07}.Debug|Mixed Platforms.ActiveCfg = Debug|Any CPU
		{F826FC20-06CE-4415-BFF1-7A0C44EB0E07}.Debug|Mixed Platforms.Build.0 = Debug|Any CPU
		{F826FC20-06CE-4415-BFF1-7A0C44EB0E07}.Debug|x86.ActiveCfg = Debug|Any CPU
		{F826FC20-06CE-4415-BFF1-7A0C44EB0E07}.Debug|x86.Build.0 = Debug|Any CPU
		{F826FC20-06CE-4415-BFF1-7A0C44EB0E07}.Release|Any CPU.ActiveCfg = Release|Any CPU
		{F826FC20-06CE-4415-BFF1-7A0C44EB0E07}.Release|Any CPU.Build.0 = Release|Any CPU
		{F826FC20-06CE-4415-BFF1-7A0C44EB0E07}.Release|Mixed Platforms.ActiveCfg = Release|Any CPU
		{F826FC20-06CE-4415-BFF1-7A0C44EB0E07}.Release|Mixed Platforms.Build.0 = Release|Any CPU
		{F826FC20-06CE-4415-BFF1-7A0C44EB0E07}.Release|x86.ActiveCfg = Release|Any CPU
		{F826FC20-06CE-4415-BFF1-7A0C44EB0E07}.Release|x86.Build.0 = Release|Any CPU
		{A9F1CCE5-4616-47BB-9CB6-888269DD6F63}.Debug|Any CPU.ActiveCfg = Debug|Any CPU
		{A9F1CCE5-4616-47BB-9CB6-888269DD6F63}.Debug|Any CPU.Build.0 = Debug|Any CPU
		{A9F1CCE5-4616-47BB-9CB6-888269DD6F63}.Debug|Any CPU.Deploy.0 = Debug|Any CPU
		{A9F1CCE5-4616-47BB-9CB6-888269DD6F63}.Debug|Mixed Platforms.ActiveCfg = Debug|Any CPU
		{A9F1CCE5-4616-47BB-9CB6-888269DD6F63}.Debug|Mixed Platforms.Build.0 = Debug|Any CPU
		{A9F1CCE5-4616-47BB-9CB6-888269DD6F63}.Debug|Mixed Platforms.Deploy.0 = Debug|Any CPU
		{A9F1CCE5-4616-47BB-9CB6-888269DD6F63}.Debug|x86.ActiveCfg = Debug|Any CPU
		{A9F1CCE5-4616-47BB-9CB6-888269DD6F63}.Debug|x86.Build.0 = Debug|Any CPU
		{A9F1CCE5-4616-47BB-9CB6-888269DD6F63}.Debug|x86.Deploy.0 = Debug|Any CPU
		{A9F1CCE5-4616-47BB-9CB6-888269DD6F63}.Release|Any CPU.ActiveCfg = Release|Any CPU
		{A9F1CCE5-4616-47BB-9CB6-888269DD6F63}.Release|Any CPU.Build.0 = Release|Any CPU
		{A9F1CCE5-4616-47BB-9CB6-888269DD6F63}.Release|Any CPU.Deploy.0 = Release|Any CPU
		{A9F1CCE5-4616-47BB-9CB6-888269DD6F63}.Release|Mixed Platforms.ActiveCfg = Release|Any CPU
		{A9F1CCE5-4616-47BB-9CB6-888269DD6F63}.Release|Mixed Platforms.Build.0 = Release|Any CPU
		{A9F1CCE5-4616-47BB-9CB6-888269DD6F63}.Release|Mixed Platforms.Deploy.0 = Release|Any CPU
		{A9F1CCE5-4616-47BB-9CB6-888269DD6F63}.Release|x86.ActiveCfg = Release|Any CPU
		{A9F1CCE5-4616-47BB-9CB6-888269DD6F63}.Release|x86.Build.0 = Release|Any CPU
		{A9F1CCE5-4616-47BB-9CB6-888269DD6F63}.Release|x86.Deploy.0 = Release|Any CPU
		{FEA2E1CB-2588-4B85-B97B-A03A8F75B0A2}.Debug|Any CPU.ActiveCfg = Debug|Any CPU
		{FEA2E1CB-2588-4B85-B97B-A03A8F75B0A2}.Debug|Any CPU.Build.0 = Debug|Any CPU
		{FEA2E1CB-2588-4B85-B97B-A03A8F75B0A2}.Debug|Mixed Platforms.ActiveCfg = Debug|Any CPU
		{FEA2E1CB-2588-4B85-B97B-A03A8F75B0A2}.Debug|Mixed Platforms.Build.0 = Debug|Any CPU
		{FEA2E1CB-2588-4B85-B97B-A03A8F75B0A2}.Debug|x86.ActiveCfg = Debug|Any CPU
		{FEA2E1CB-2588-4B85-B97B-A03A8F75B0A2}.Debug|x86.Build.0 = Debug|Any CPU
		{FEA2E1CB-2588-4B85-B97B-A03A8F75B0A2}.Release|Any CPU.ActiveCfg = Release|Any CPU
		{FEA2E1CB-2588-4B85-B97B-A03A8F75B0A2}.Release|Any CPU.Build.0 = Release|Any CPU
		{FEA2E1CB-2588-4B85-B97B-A03A8F75B0A2}.Release|Mixed Platforms.ActiveCfg = Release|Any CPU
		{FEA2E1CB-2588-4B85-B97B-A03A8F75B0A2}.Release|Mixed Platforms.Build.0 = Release|Any CPU
		{FEA2E1CB-2588-4B85-B97B-A03A8F75B0A2}.Release|x86.ActiveCfg = Release|Any CPU
		{FEA2E1CB-2588-4B85-B97B-A03A8F75B0A2}.Release|x86.Build.0 = Release|Any CPU
		{96FD9436-DE5C-432A-94CB-CE5E63EE2405}.Debug|Any CPU.ActiveCfg = Debug|Any CPU
		{96FD9436-DE5C-432A-94CB-CE5E63EE2405}.Debug|Any CPU.Build.0 = Debug|Any CPU
		{96FD9436-DE5C-432A-94CB-CE5E63EE2405}.Debug|Mixed Platforms.ActiveCfg = Debug|Any CPU
		{96FD9436-DE5C-432A-94CB-CE5E63EE2405}.Debug|Mixed Platforms.Build.0 = Debug|Any CPU
		{96FD9436-DE5C-432A-94CB-CE5E63EE2405}.Debug|x86.ActiveCfg = Debug|Any CPU
		{96FD9436-DE5C-432A-94CB-CE5E63EE2405}.Debug|x86.Build.0 = Debug|Any CPU
		{96FD9436-DE5C-432A-94CB-CE5E63EE2405}.Release|Any CPU.ActiveCfg = Release|Any CPU
		{96FD9436-DE5C-432A-94CB-CE5E63EE2405}.Release|Any CPU.Build.0 = Release|Any CPU
		{96FD9436-DE5C-432A-94CB-CE5E63EE2405}.Release|Mixed Platforms.ActiveCfg = Release|Any CPU
		{96FD9436-DE5C-432A-94CB-CE5E63EE2405}.Release|Mixed Platforms.Build.0 = Release|Any CPU
		{96FD9436-DE5C-432A-94CB-CE5E63EE2405}.Release|x86.ActiveCfg = Release|Any CPU
		{96FD9436-DE5C-432A-94CB-CE5E63EE2405}.Release|x86.Build.0 = Release|Any CPU
		{23CE37B8-56FA-429A-AF13-3B06841C9817}.Debug|Any CPU.ActiveCfg = Debug|Any CPU
		{23CE37B8-56FA-429A-AF13-3B06841C9817}.Debug|Any CPU.Build.0 = Debug|Any CPU
		{23CE37B8-56FA-429A-AF13-3B06841C9817}.Debug|Mixed Platforms.ActiveCfg = Debug|Any CPU
		{23CE37B8-56FA-429A-AF13-3B06841C9817}.Debug|Mixed Platforms.Build.0 = Debug|Any CPU
		{23CE37B8-56FA-429A-AF13-3B06841C9817}.Debug|x86.ActiveCfg = Debug|Any CPU
		{23CE37B8-56FA-429A-AF13-3B06841C9817}.Debug|x86.Build.0 = Debug|Any CPU
		{23CE37B8-56FA-429A-AF13-3B06841C9817}.Release|Any CPU.ActiveCfg = Release|Any CPU
		{23CE37B8-56FA-429A-AF13-3B06841C9817}.Release|Any CPU.Build.0 = Release|Any CPU
		{23CE37B8-56FA-429A-AF13-3B06841C9817}.Release|Mixed Platforms.ActiveCfg = Release|Any CPU
		{23CE37B8-56FA-429A-AF13-3B06841C9817}.Release|Mixed Platforms.Build.0 = Release|Any CPU
		{23CE37B8-56FA-429A-AF13-3B06841C9817}.Release|x86.ActiveCfg = Release|Any CPU
		{23CE37B8-56FA-429A-AF13-3B06841C9817}.Release|x86.Build.0 = Release|Any CPU
		{987574E0-6B9F-484B-AAE2-A2F4D4F89A9B}.Debug|Any CPU.ActiveCfg = Debug|Any CPU
		{987574E0-6B9F-484B-AAE2-A2F4D4F89A9B}.Debug|Any CPU.Build.0 = Debug|Any CPU
		{987574E0-6B9F-484B-AAE2-A2F4D4F89A9B}.Debug|Mixed Platforms.ActiveCfg = Debug|Any CPU
		{987574E0-6B9F-484B-AAE2-A2F4D4F89A9B}.Debug|Mixed Platforms.Build.0 = Debug|Any CPU
		{987574E0-6B9F-484B-AAE2-A2F4D4F89A9B}.Debug|x86.ActiveCfg = Debug|Any CPU
		{987574E0-6B9F-484B-AAE2-A2F4D4F89A9B}.Debug|x86.Build.0 = Debug|Any CPU
		{987574E0-6B9F-484B-AAE2-A2F4D4F89A9B}.Release|Any CPU.ActiveCfg = Release|Any CPU
		{987574E0-6B9F-484B-AAE2-A2F4D4F89A9B}.Release|Any CPU.Build.0 = Release|Any CPU
		{987574E0-6B9F-484B-AAE2-A2F4D4F89A9B}.Release|Mixed Platforms.ActiveCfg = Release|Any CPU
		{987574E0-6B9F-484B-AAE2-A2F4D4F89A9B}.Release|Mixed Platforms.Build.0 = Release|Any CPU
		{987574E0-6B9F-484B-AAE2-A2F4D4F89A9B}.Release|x86.ActiveCfg = Release|Any CPU
		{987574E0-6B9F-484B-AAE2-A2F4D4F89A9B}.Release|x86.Build.0 = Release|Any CPU
		{22230FCA-989F-4CCC-93EA-8B10E8BE0232}.Debug|Any CPU.ActiveCfg = Debug|Any CPU
		{22230FCA-989F-4CCC-93EA-8B10E8BE0232}.Debug|Any CPU.Build.0 = Debug|Any CPU
		{22230FCA-989F-4CCC-93EA-8B10E8BE0232}.Debug|Mixed Platforms.ActiveCfg = Debug|Any CPU
		{22230FCA-989F-4CCC-93EA-8B10E8BE0232}.Debug|Mixed Platforms.Build.0 = Debug|Any CPU
		{22230FCA-989F-4CCC-93EA-8B10E8BE0232}.Debug|x86.ActiveCfg = Debug|Any CPU
		{22230FCA-989F-4CCC-93EA-8B10E8BE0232}.Debug|x86.Build.0 = Debug|Any CPU
		{22230FCA-989F-4CCC-93EA-8B10E8BE0232}.Release|Any CPU.ActiveCfg = Release|Any CPU
		{22230FCA-989F-4CCC-93EA-8B10E8BE0232}.Release|Any CPU.Build.0 = Release|Any CPU
		{22230FCA-989F-4CCC-93EA-8B10E8BE0232}.Release|Mixed Platforms.ActiveCfg = Release|Any CPU
		{22230FCA-989F-4CCC-93EA-8B10E8BE0232}.Release|Mixed Platforms.Build.0 = Release|Any CPU
		{22230FCA-989F-4CCC-93EA-8B10E8BE0232}.Release|x86.ActiveCfg = Release|Any CPU
		{22230FCA-989F-4CCC-93EA-8B10E8BE0232}.Release|x86.Build.0 = Release|Any CPU
		{047F3356-2F93-4EAB-BAAB-754721114A68}.Debug|Any CPU.ActiveCfg = Debug|Any CPU
		{047F3356-2F93-4EAB-BAAB-754721114A68}.Debug|Any CPU.Build.0 = Debug|Any CPU
		{047F3356-2F93-4EAB-BAAB-754721114A68}.Debug|Mixed Platforms.ActiveCfg = Debug|Any CPU
		{047F3356-2F93-4EAB-BAAB-754721114A68}.Debug|Mixed Platforms.Build.0 = Debug|Any CPU
		{047F3356-2F93-4EAB-BAAB-754721114A68}.Debug|x86.ActiveCfg = Debug|Any CPU
		{047F3356-2F93-4EAB-BAAB-754721114A68}.Debug|x86.Build.0 = Debug|Any CPU
		{047F3356-2F93-4EAB-BAAB-754721114A68}.Release|Any CPU.ActiveCfg = Release|Any CPU
		{047F3356-2F93-4EAB-BAAB-754721114A68}.Release|Any CPU.Build.0 = Release|Any CPU
		{047F3356-2F93-4EAB-BAAB-754721114A68}.Release|Mixed Platforms.ActiveCfg = Release|Any CPU
		{047F3356-2F93-4EAB-BAAB-754721114A68}.Release|Mixed Platforms.Build.0 = Release|Any CPU
		{047F3356-2F93-4EAB-BAAB-754721114A68}.Release|x86.ActiveCfg = Release|Any CPU
		{047F3356-2F93-4EAB-BAAB-754721114A68}.Release|x86.Build.0 = Release|Any CPU
		{25BD37F4-CB17-43BC-9BBB-CD5F2E0035B9}.Debug|Any CPU.ActiveCfg = Debug|Any CPU
		{25BD37F4-CB17-43BC-9BBB-CD5F2E0035B9}.Debug|Any CPU.Build.0 = Debug|Any CPU
		{25BD37F4-CB17-43BC-9BBB-CD5F2E0035B9}.Debug|Mixed Platforms.ActiveCfg = Debug|Any CPU
		{25BD37F4-CB17-43BC-9BBB-CD5F2E0035B9}.Debug|Mixed Platforms.Build.0 = Debug|Any CPU
		{25BD37F4-CB17-43BC-9BBB-CD5F2E0035B9}.Debug|x86.ActiveCfg = Debug|Any CPU
		{25BD37F4-CB17-43BC-9BBB-CD5F2E0035B9}.Debug|x86.Build.0 = Debug|Any CPU
		{25BD37F4-CB17-43BC-9BBB-CD5F2E0035B9}.Release|Any CPU.ActiveCfg = Release|Any CPU
		{25BD37F4-CB17-43BC-9BBB-CD5F2E0035B9}.Release|Any CPU.Build.0 = Release|Any CPU
		{25BD37F4-CB17-43BC-9BBB-CD5F2E0035B9}.Release|Mixed Platforms.ActiveCfg = Release|Any CPU
		{25BD37F4-CB17-43BC-9BBB-CD5F2E0035B9}.Release|Mixed Platforms.Build.0 = Release|Any CPU
		{25BD37F4-CB17-43BC-9BBB-CD5F2E0035B9}.Release|x86.ActiveCfg = Release|Any CPU
		{25BD37F4-CB17-43BC-9BBB-CD5F2E0035B9}.Release|x86.Build.0 = Release|Any CPU
		{243BE6D8-482E-4A29-8D59-BE7BE3E78FD7}.Debug|Any CPU.ActiveCfg = Debug|Any CPU
		{243BE6D8-482E-4A29-8D59-BE7BE3E78FD7}.Debug|Any CPU.Build.0 = Debug|Any CPU
		{243BE6D8-482E-4A29-8D59-BE7BE3E78FD7}.Debug|Mixed Platforms.ActiveCfg = Debug|Any CPU
		{243BE6D8-482E-4A29-8D59-BE7BE3E78FD7}.Debug|Mixed Platforms.Build.0 = Debug|Any CPU
		{243BE6D8-482E-4A29-8D59-BE7BE3E78FD7}.Debug|x86.ActiveCfg = Debug|Any CPU
		{243BE6D8-482E-4A29-8D59-BE7BE3E78FD7}.Debug|x86.Build.0 = Debug|Any CPU
		{243BE6D8-482E-4A29-8D59-BE7BE3E78FD7}.Release|Any CPU.ActiveCfg = Release|Any CPU
		{243BE6D8-482E-4A29-8D59-BE7BE3E78FD7}.Release|Any CPU.Build.0 = Release|Any CPU
		{243BE6D8-482E-4A29-8D59-BE7BE3E78FD7}.Release|Mixed Platforms.ActiveCfg = Release|Any CPU
		{243BE6D8-482E-4A29-8D59-BE7BE3E78FD7}.Release|Mixed Platforms.Build.0 = Release|Any CPU
		{243BE6D8-482E-4A29-8D59-BE7BE3E78FD7}.Release|x86.ActiveCfg = Release|Any CPU
		{243BE6D8-482E-4A29-8D59-BE7BE3E78FD7}.Release|x86.Build.0 = Release|Any CPU
		{0E562FEB-6A5C-48F6-B8A5-24AB95F1FE28}.Debug|Any CPU.ActiveCfg = Debug|Any CPU
		{0E562FEB-6A5C-48F6-B8A5-24AB95F1FE28}.Debug|Any CPU.Build.0 = Debug|Any CPU
		{0E562FEB-6A5C-48F6-B8A5-24AB95F1FE28}.Debug|Mixed Platforms.ActiveCfg = Debug|Any CPU
		{0E562FEB-6A5C-48F6-B8A5-24AB95F1FE28}.Debug|Mixed Platforms.Build.0 = Debug|Any CPU
		{0E562FEB-6A5C-48F6-B8A5-24AB95F1FE28}.Debug|x86.ActiveCfg = Debug|Any CPU
		{0E562FEB-6A5C-48F6-B8A5-24AB95F1FE28}.Debug|x86.Build.0 = Debug|Any CPU
		{0E562FEB-6A5C-48F6-B8A5-24AB95F1FE28}.Release|Any CPU.ActiveCfg = Release|Any CPU
		{0E562FEB-6A5C-48F6-B8A5-24AB95F1FE28}.Release|Any CPU.Build.0 = Release|Any CPU
		{0E562FEB-6A5C-48F6-B8A5-24AB95F1FE28}.Release|Mixed Platforms.ActiveCfg = Release|Any CPU
		{0E562FEB-6A5C-48F6-B8A5-24AB95F1FE28}.Release|Mixed Platforms.Build.0 = Release|Any CPU
		{0E562FEB-6A5C-48F6-B8A5-24AB95F1FE28}.Release|x86.ActiveCfg = Release|Any CPU
		{0E562FEB-6A5C-48F6-B8A5-24AB95F1FE28}.Release|x86.Build.0 = Release|Any CPU
		{A04CF994-D12A-418B-92C9-62A3F0299114}.Debug|Any CPU.ActiveCfg = Debug|Any CPU
		{A04CF994-D12A-418B-92C9-62A3F0299114}.Debug|Any CPU.Build.0 = Debug|Any CPU
		{A04CF994-D12A-418B-92C9-62A3F0299114}.Debug|Mixed Platforms.ActiveCfg = Debug|Any CPU
		{A04CF994-D12A-418B-92C9-62A3F0299114}.Debug|Mixed Platforms.Build.0 = Debug|Any CPU
		{A04CF994-D12A-418B-92C9-62A3F0299114}.Debug|x86.ActiveCfg = Debug|Any CPU
		{A04CF994-D12A-418B-92C9-62A3F0299114}.Debug|x86.Build.0 = Debug|Any CPU
		{A04CF994-D12A-418B-92C9-62A3F0299114}.Release|Any CPU.ActiveCfg = Release|Any CPU
		{A04CF994-D12A-418B-92C9-62A3F0299114}.Release|Any CPU.Build.0 = Release|Any CPU
		{A04CF994-D12A-418B-92C9-62A3F0299114}.Release|Mixed Platforms.ActiveCfg = Release|Any CPU
		{A04CF994-D12A-418B-92C9-62A3F0299114}.Release|Mixed Platforms.Build.0 = Release|Any CPU
		{A04CF994-D12A-418B-92C9-62A3F0299114}.Release|x86.ActiveCfg = Release|Any CPU
		{A04CF994-D12A-418B-92C9-62A3F0299114}.Release|x86.Build.0 = Release|Any CPU
		{1D9FB366-7D61-4CF7-9083-6781D513B3DB}.Debug|Any CPU.ActiveCfg = Debug|Any CPU
		{1D9FB366-7D61-4CF7-9083-6781D513B3DB}.Debug|Any CPU.Build.0 = Debug|Any CPU
		{1D9FB366-7D61-4CF7-9083-6781D513B3DB}.Debug|Mixed Platforms.ActiveCfg = Debug|Any CPU
		{1D9FB366-7D61-4CF7-9083-6781D513B3DB}.Debug|Mixed Platforms.Build.0 = Debug|Any CPU
		{1D9FB366-7D61-4CF7-9083-6781D513B3DB}.Debug|x86.ActiveCfg = Debug|Any CPU
		{1D9FB366-7D61-4CF7-9083-6781D513B3DB}.Debug|x86.Build.0 = Debug|Any CPU
		{1D9FB366-7D61-4CF7-9083-6781D513B3DB}.Release|Any CPU.ActiveCfg = Release|Any CPU
		{1D9FB366-7D61-4CF7-9083-6781D513B3DB}.Release|Any CPU.Build.0 = Release|Any CPU
		{1D9FB366-7D61-4CF7-9083-6781D513B3DB}.Release|Mixed Platforms.ActiveCfg = Release|Any CPU
		{1D9FB366-7D61-4CF7-9083-6781D513B3DB}.Release|Mixed Platforms.Build.0 = Release|Any CPU
		{1D9FB366-7D61-4CF7-9083-6781D513B3DB}.Release|x86.ActiveCfg = Release|Any CPU
		{1D9FB366-7D61-4CF7-9083-6781D513B3DB}.Release|x86.Build.0 = Release|Any CPU
		{49DAD686-0BDD-403B-A2A3-D013BF7AF380}.Debug|Any CPU.ActiveCfg = Debug|Any CPU
		{49DAD686-0BDD-403B-A2A3-D013BF7AF380}.Debug|Any CPU.Build.0 = Debug|Any CPU
		{49DAD686-0BDD-403B-A2A3-D013BF7AF380}.Debug|Mixed Platforms.ActiveCfg = Debug|Any CPU
		{49DAD686-0BDD-403B-A2A3-D013BF7AF380}.Debug|Mixed Platforms.Build.0 = Debug|Any CPU
		{49DAD686-0BDD-403B-A2A3-D013BF7AF380}.Debug|x86.ActiveCfg = Debug|Any CPU
		{49DAD686-0BDD-403B-A2A3-D013BF7AF380}.Debug|x86.Build.0 = Debug|Any CPU
		{49DAD686-0BDD-403B-A2A3-D013BF7AF380}.Release|Any CPU.ActiveCfg = Release|Any CPU
		{49DAD686-0BDD-403B-A2A3-D013BF7AF380}.Release|Any CPU.Build.0 = Release|Any CPU
		{49DAD686-0BDD-403B-A2A3-D013BF7AF380}.Release|Mixed Platforms.ActiveCfg = Release|Any CPU
		{49DAD686-0BDD-403B-A2A3-D013BF7AF380}.Release|Mixed Platforms.Build.0 = Release|Any CPU
		{49DAD686-0BDD-403B-A2A3-D013BF7AF380}.Release|x86.ActiveCfg = Release|Any CPU
		{49DAD686-0BDD-403B-A2A3-D013BF7AF380}.Release|x86.Build.0 = Release|Any CPU
	EndGlobalSection
	GlobalSection(SolutionProperties) = preSolution
		HideSolutionNode = FALSE
	EndGlobalSection
	GlobalSection(NestedProjects) = preSolution
		{ECC2F1E2-A2EA-4390-A75C-114D56F0BD96} = {CCCA5B13-EEF2-44A1-B6B0-6819F412FEB0}
		{FB582D72-F66A-4153-BB91-A4F339ED1795} = {25C7A4B6-71E1-41B6-9F5A-52FA5309F413}
		{FE02E501-BD2C-4E07-9D83-1FD448AE476F} = {25C7A4B6-71E1-41B6-9F5A-52FA5309F413}
		{EC735467-12D4-471B-80D1-7D594E9E4E68} = {CCCA5B13-EEF2-44A1-B6B0-6819F412FEB0}
		{F826FC20-06CE-4415-BFF1-7A0C44EB0E07} = {F470F8F5-6D8C-47F1-A0B8-2D436E6BC573}
		{A9F1CCE5-4616-47BB-9CB6-888269DD6F63} = {BB8C734D-B696-42B0-8328-48C6A38B52D7}
		{FEA2E1CB-2588-4B85-B97B-A03A8F75B0A2} = {8359D422-6DDC-4C3C-89A1-69172DE28F52}
		{96FD9436-DE5C-432A-94CB-CE5E63EE2405} = {F470F8F5-6D8C-47F1-A0B8-2D436E6BC573}
		{23CE37B8-56FA-429A-AF13-3B06841C9817} = {CCCA5B13-EEF2-44A1-B6B0-6819F412FEB0}
		{987574E0-6B9F-484B-AAE2-A2F4D4F89A9B} = {CCCA5B13-EEF2-44A1-B6B0-6819F412FEB0}
		{22230FCA-989F-4CCC-93EA-8B10E8BE0232} = {25C7A4B6-71E1-41B6-9F5A-52FA5309F413}
		{047F3356-2F93-4EAB-BAAB-754721114A68} = {8359D422-6DDC-4C3C-89A1-69172DE28F52}
		{25BD37F4-CB17-43BC-9BBB-CD5F2E0035B9} = {25C7A4B6-71E1-41B6-9F5A-52FA5309F413}
		{243BE6D8-482E-4A29-8D59-BE7BE3E78FD7} = {8359D422-6DDC-4C3C-89A1-69172DE28F52}
		{0E562FEB-6A5C-48F6-B8A5-24AB95F1FE28} = {8359D422-6DDC-4C3C-89A1-69172DE28F52}
		{A04CF994-D12A-418B-92C9-62A3F0299114} = {8359D422-6DDC-4C3C-89A1-69172DE28F52}
		{1D9FB366-7D61-4CF7-9083-6781D513B3DB} = {8359D422-6DDC-4C3C-89A1-69172DE28F52}
		{49DAD686-0BDD-403B-A2A3-D013BF7AF380} = {8359D422-6DDC-4C3C-89A1-69172DE28F52}
	EndGlobalSection
	GlobalSection(ExtensibilityGlobals) = postSolution
		SolutionGuid = {60B4C356-76F5-4270-90B7-5609C4A1FDFE}
	EndGlobalSection
EndGlobal
